
Microsoft Visual Studio Solution File, Format Version 9.00
# Visual Studio 2005
Project("{8BC9CEB8-8B4A-11D0-8D11-00A0C91BC942}") = "Client", "Client\Client.vcproj", "{B7AB8ABB-8F11-4FD0-AD4C-DADA8E2C9993}"
EndProject
Global
	GlobalSection(SolutionConfigurationPlatforms) = preSolution
		Debug|Win32 = Debug|Win32
		Release|Win32 = Release|Win32
		Release-Product|Win32 = Release-Product|Win32
	EndGlobalSection
	GlobalSection(ProjectConfigurationPlatforms) = postSolution
		{B7AB8ABB-8F11-4FD0-AD4C-DADA8E2C9993}.Debug|Win32.ActiveCfg = Debug|Win32
		{B7AB8ABB-8F11-4FD0-AD4C-DADA8E2C9993}.Debug|Win32.Build.0 = Debug|Win32
		{B7AB8ABB-8F11-4FD0-AD4C-DADA8E2C9993}.Release|Win32.ActiveCfg = Release|Win32
		{B7AB8ABB-8F11-4FD0-AD4C-DADA8E2C9993}.Release|Win32.Build.0 = Release|Win32
		{B7AB8ABB-8F11-4FD0-AD4C-DADA8E2C9993}.Release-Product|Win32.ActiveCfg = Release-Product|Win32
		{B7AB8ABB-8F11-4FD0-AD4C-DADA8E2C9993}.Release-Product|Win32.Build.0 = Release-Product|Win32
	EndGlobalSection
	GlobalSection(SolutionProperties) = preSolution
		HideSolutionNode = FALSE
	EndGlobalSection
EndGlobal
