
Microsoft Visual Studio Solution File, Format Version 9.00
# Visual Studio 2005
Project("{8BC9CEB8-8B4A-11D0-8D11-00A0C91BC942}") = "7z", "7z\7z.vcproj", "{2615B04F-889C-4870-9FE1-73040271FA94}"
EndProject
Project("{8BC9CEB8-8B4A-11D0-8D11-00A0C91BC942}") = "Browser", "Browser\Browser.vcproj", "{35E2061E-2D4A-4E36-B43D-6BB377EC6F89}"
EndProject
Project("{8BC9CEB8-8B4A-11D0-8D11-00A0C91BC942}") = "CxImage", "CxImage\CxImage.vcproj", "{B362D677-DF8C-44D0-80A4-865590D4CA82}"
	ProjectSection(ProjectDependencies) = postProject
		{4BB16E10-5E82-4FC6-95CE-1D6EDAE96B5F} = {4BB16E10-5E82-4FC6-95CE-1D6EDAE96B5F}
		{79FCFAF3-24D3-4D81-AFC9-B7DB7FA464DD} = {79FCFAF3-24D3-4D81-AFC9-B7DB7FA464DD}
	EndProjectSection
EndProject
Project("{8BC9CEB8-8B4A-11D0-8D11-00A0C91BC942}") = "J2k", "J2k\J2k.vcproj", "{3DA2F57E-C1A5-4EDF-89CD-5D08683ACD13}"
EndProject
Project("{8BC9CEB8-8B4A-11D0-8D11-00A0C91BC942}") = "Jasper", "Jasper\Jasper.vcproj", "{2786EC82-8C05-4FC9-AA26-11432AEF2DBB}"
EndProject
Project("{8BC9CEB8-8B4A-11D0-8D11-00A0C91BC942}") = "Jbig", "Jbig\Jbig.vcproj", "{7E973546-5579-4797-8DDC-01405B2E14BB}"
EndProject
Project("{8BC9CEB8-8B4A-11D0-8D11-00A0C91BC942}") = "Jpeg", "Jpeg\Jpeg.vcproj", "{4BB16E10-5E82-4FC6-95CE-1D6EDAE96B5F}"
EndProject
Project("{8BC9CEB8-8B4A-11D0-8D11-00A0C91BC942}") = "Jwsmtp", "Jwsmtp\Jwsmtp.vcproj", "{86AD7B51-8041-4DAF-BE47-3112281AC26F}"
EndProject
Project("{8BC9CEB8-8B4A-11D0-8D11-00A0C91BC942}") = "Luaplus", "Luaplus\Luaplus.vcproj", "{AA75B895-9958-4D71-9419-D86946478CAA}"
EndProject
Project("{8BC9CEB8-8B4A-11D0-8D11-00A0C91BC942}") = "MeUtility", "MeUtility\MeUtility.vcproj", "{57C401AD-8E91-4FDC-B9FA-545B230AE401}"
	ProjectSection(ProjectDependencies) = postProject
		{AA75B895-9958-4D71-9419-D86946478CAA} = {AA75B895-9958-4D71-9419-D86946478CAA}
		{A3A84737-5017-4577-B8A2-79429A25B8B6} = {A3A84737-5017-4577-B8A2-79429A25B8B6}
		{C50C8037-AC8E-4CF0-8CD4-99E4BFDB07E9} = {C50C8037-AC8E-4CF0-8CD4-99E4BFDB07E9}
	EndProjectSection
EndProject
Project("{8BC9CEB8-8B4A-11D0-8D11-00A0C91BC942}") = "Png", "Png\Png.vcproj", "{79FCFAF3-24D3-4D81-AFC9-B7DB7FA464DD}"
EndProject
Project("{8BC9CEB8-8B4A-11D0-8D11-00A0C91BC942}") = "RapidXml", "RapidXml\RapidXml.vcproj", "{4EADAD66-48DE-419A-9147-00F19F8955E4}"
EndProject
Project("{8BC9CEB8-8B4A-11D0-8D11-00A0C91BC942}") = "Tiff", "Tiff\Tiff.vcproj", "{93364939-AC63-4A14-ACB8-5FE63CA1C251}"
EndProject
Project("{8BC9CEB8-8B4A-11D0-8D11-00A0C91BC942}") = "Tinyxml", "Tinyxml\Tinyxml.vcproj", "{A3A84737-5017-4577-B8A2-79429A25B8B6}"
EndProject
Project("{8BC9CEB8-8B4A-11D0-8D11-00A0C91BC942}") = "Tolua++", "Tolua++\tolua++.vcproj", "{25418CD4-AE52-4BF7-A466-BA132D4F2AFF}"
	ProjectSection(ProjectDependencies) = postProject
		{AA75B895-9958-4D71-9419-D86946478CAA} = {AA75B895-9958-4D71-9419-D86946478CAA}
	EndProjectSection
EndProject
Project("{8BC9CEB8-8B4A-11D0-8D11-00A0C91BC942}") = "XmlRpc", "XmlRpc\XmlRpc.vcproj", "{50DF6A4B-10A9-4838-B7F2-1D42AACC8FDA}"
EndProject
Project("{8BC9CEB8-8B4A-11D0-8D11-00A0C91BC942}") = "ZipArchive", "ZipArchive\ZipArchive.vcproj", "{3559A331-1E8F-4FB4-B183-6146EFD399FA}"
EndProject
Project("{8BC9CEB8-8B4A-11D0-8D11-00A0C91BC942}") = "network", "network\network.vcproj", "{CB583C72-DDA2-4F0B-9838-21F853F4CF3A}"
	ProjectSection(ProjectDependencies) = postProject
		{57C401AD-8E91-4FDC-B9FA-545B230AE401} = {57C401AD-8E91-4FDC-B9FA-545B230AE401}
		{46A36B44-0FC1-4244-9D43-FD4449756E64} = {46A36B44-0FC1-4244-9D43-FD4449756E64}
	EndProjectSection
EndProject
Project("{8BC9CEB8-8B4A-11D0-8D11-00A0C91BC942}") = "Zlib", "zlib-1.2.3\contrib\vstudio\vc8\zlibvc.vcproj", "{8FD826F8-3739-44E6-8CC8-997122E53B8D}"
EndProject
Project("{8BC9CEB8-8B4A-11D0-8D11-00A0C91BC942}") = "MeCommon", "MeCommon\MeCommon.vcproj", "{46A36B44-0FC1-4244-9D43-FD4449756E64}"
	ProjectSection(ProjectDependencies) = postProject
		{3CD4972A-B356-4C23-81BE-6D921D32A669} = {3CD4972A-B356-4C23-81BE-6D921D32A669}
	EndProjectSection
EndProject
Project("{8BC9CEB8-8B4A-11D0-8D11-00A0C91BC942}") = "filepacket", "filepacket\filepacket.vcproj", "{3CD4972A-B356-4C23-81BE-6D921D32A669}"
EndProject
Project("{8BC9CEB8-8B4A-11D0-8D11-00A0C91BC942}") = "libcurl", "curl\lib\vc6libcurl.vcproj", "{C50C8037-AC8E-4CF0-8CD4-99E4BFDB07E9}"
EndProject
Project("{8BC9CEB8-8B4A-11D0-8D11-00A0C91BC942}") = "luabind", "luabind\luabind.vcproj", "{70796EE0-39B0-4C29-A5B4-F1F5636B634A}"
	ProjectSection(ProjectDependencies) = postProject
		{ADBC3B51-20D8-471C-A9DF-D9E689FBC288} = {ADBC3B51-20D8-471C-A9DF-D9E689FBC288}
	EndProjectSection
EndProject
Project("{8BC9CEB8-8B4A-11D0-8D11-00A0C91BC942}") = "lualib", "lualib\lualib.vcproj", "{ADBC3B51-20D8-471C-A9DF-D9E689FBC288}"
EndProject
Project("{8BC9CEB8-8B4A-11D0-8D11-00A0C91BC942}") = "Cipher", "Cipher\Cipher.vcproj", "{F4FB21BD-0544-4270-B889-63A20163F71B}"
EndProject
Project("{8BC9CEB8-8B4A-11D0-8D11-00A0C91BC942}") = "Launcher", "Launcher\Launcher.vcproj", "{B92E5984-8D2D-43E7-942D-98DB463A9B55}"
EndProject
Project("{8BC9CEB8-8B4A-11D0-8D11-00A0C91BC942}") = "Log4cpp", "Log4cpp\Log4cpp.vcproj", "{F856AC2F-3872-43CE-8175-6D90402D7F28}"
EndProject
Global
	GlobalSection(SolutionConfigurationPlatforms) = preSolution
		Debug NoLauncher|Win32 = Debug NoLauncher|Win32
		Debug|Win32 = Debug|Win32
		DLL Debug|Win32 = DLL Debug|Win32
		DLL Release|Win32 = DLL Release|Win32
		LIB Debug|Win32 = LIB Debug|Win32
		LIB Release|Win32 = LIB Release|Win32
		Release NoLauncher|Win32 = Release NoLauncher|Win32
		Release|Win32 = Release|Win32
		ReleaseWithoutAsm|Win32 = ReleaseWithoutAsm|Win32
	EndGlobalSection
	GlobalSection(ProjectConfigurationPlatforms) = postSolution
		{2615B04F-889C-4870-9FE1-73040271FA94}.Debug NoLauncher|Win32.ActiveCfg = Debug|Win32
		{2615B04F-889C-4870-9FE1-73040271FA94}.Debug NoLauncher|Win32.Build.0 = Debug|Win32
		{2615B04F-889C-4870-9FE1-73040271FA94}.Debug|Win32.ActiveCfg = Debug|Win32
		{2615B04F-889C-4870-9FE1-73040271FA94}.Debug|Win32.Build.0 = Debug|Win32
		{2615B04F-889C-4870-9FE1-73040271FA94}.DLL Debug|Win32.ActiveCfg = Debug|Win32
		{2615B04F-889C-4870-9FE1-73040271FA94}.DLL Debug|Win32.Build.0 = Debug|Win32
		{2615B04F-889C-4870-9FE1-73040271FA94}.DLL Release|Win32.ActiveCfg = Release|Win32
		{2615B04F-889C-4870-9FE1-73040271FA94}.DLL Release|Win32.Build.0 = Release|Win32
		{2615B04F-889C-4870-9FE1-73040271FA94}.LIB Debug|Win32.ActiveCfg = Debug|Win32
		{2615B04F-889C-4870-9FE1-73040271FA94}.LIB Debug|Win32.Build.0 = Debug|Win32
		{2615B04F-889C-4870-9FE1-73040271FA94}.LIB Release|Win32.ActiveCfg = Release|Win32
		{2615B04F-889C-4870-9FE1-73040271FA94}.LIB Release|Win32.Build.0 = Release|Win32
		{2615B04F-889C-4870-9FE1-73040271FA94}.Release NoLauncher|Win32.ActiveCfg = Release|Win32
		{2615B04F-889C-4870-9FE1-73040271FA94}.Release NoLauncher|Win32.Build.0 = Release|Win32
		{2615B04F-889C-4870-9FE1-73040271FA94}.Release|Win32.ActiveCfg = Release|Win32
		{2615B04F-889C-4870-9FE1-73040271FA94}.Release|Win32.Build.0 = Release|Win32
		{2615B04F-889C-4870-9FE1-73040271FA94}.ReleaseWithoutAsm|Win32.ActiveCfg = Release|Win32
		{2615B04F-889C-4870-9FE1-73040271FA94}.ReleaseWithoutAsm|Win32.Build.0 = Release|Win32
		{35E2061E-2D4A-4E36-B43D-6BB377EC6F89}.Debug NoLauncher|Win32.ActiveCfg = Debug|Win32
		{35E2061E-2D4A-4E36-B43D-6BB377EC6F89}.Debug NoLauncher|Win32.Build.0 = Debug|Win32
		{35E2061E-2D4A-4E36-B43D-6BB377EC6F89}.Debug|Win32.ActiveCfg = Debug|Win32
		{35E2061E-2D4A-4E36-B43D-6BB377EC6F89}.Debug|Win32.Build.0 = Debug|Win32
		{35E2061E-2D4A-4E36-B43D-6BB377EC6F89}.DLL Debug|Win32.ActiveCfg = Debug|Win32
		{35E2061E-2D4A-4E36-B43D-6BB377EC6F89}.DLL Debug|Win32.Build.0 = Debug|Win32
		{35E2061E-2D4A-4E36-B43D-6BB377EC6F89}.DLL Release|Win32.ActiveCfg = Release|Win32
		{35E2061E-2D4A-4E36-B43D-6BB377EC6F89}.DLL Release|Win32.Build.0 = Release|Win32
		{35E2061E-2D4A-4E36-B43D-6BB377EC6F89}.LIB Debug|Win32.ActiveCfg = Debug|Win32
		{35E2061E-2D4A-4E36-B43D-6BB377EC6F89}.LIB Debug|Win32.Build.0 = Debug|Win32
		{35E2061E-2D4A-4E36-B43D-6BB377EC6F89}.LIB Release|Win32.ActiveCfg = Release|Win32
		{35E2061E-2D4A-4E36-B43D-6BB377EC6F89}.LIB Release|Win32.Build.0 = Release|Win32
		{35E2061E-2D4A-4E36-B43D-6BB377EC6F89}.Release NoLauncher|Win32.ActiveCfg = Release|Win32
		{35E2061E-2D4A-4E36-B43D-6BB377EC6F89}.Release NoLauncher|Win32.Build.0 = Release|Win32
		{35E2061E-2D4A-4E36-B43D-6BB377EC6F89}.Release|Win32.ActiveCfg = Release|Win32
		{35E2061E-2D4A-4E36-B43D-6BB377EC6F89}.Release|Win32.Build.0 = Release|Win32
		{35E2061E-2D4A-4E36-B43D-6BB377EC6F89}.ReleaseWithoutAsm|Win32.ActiveCfg = Release|Win32
		{35E2061E-2D4A-4E36-B43D-6BB377EC6F89}.ReleaseWithoutAsm|Win32.Build.0 = Release|Win32
		{B362D677-DF8C-44D0-80A4-865590D4CA82}.Debug NoLauncher|Win32.ActiveCfg = Debug|Win32
		{B362D677-DF8C-44D0-80A4-865590D4CA82}.Debug NoLauncher|Win32.Build.0 = Debug|Win32
		{B362D677-DF8C-44D0-80A4-865590D4CA82}.Debug|Win32.ActiveCfg = Debug|Win32
		{B362D677-DF8C-44D0-80A4-865590D4CA82}.Debug|Win32.Build.0 = Debug|Win32
		{B362D677-DF8C-44D0-80A4-865590D4CA82}.DLL Debug|Win32.ActiveCfg = Debug|Win32
		{B362D677-DF8C-44D0-80A4-865590D4CA82}.DLL Debug|Win32.Build.0 = Debug|Win32
		{B362D677-DF8C-44D0-80A4-865590D4CA82}.DLL Release|Win32.ActiveCfg = Release|Win32
		{B362D677-DF8C-44D0-80A4-865590D4CA82}.DLL Release|Win32.Build.0 = Release|Win32
		{B362D677-DF8C-44D0-80A4-865590D4CA82}.LIB Debug|Win32.ActiveCfg = Debug|Win32
		{B362D677-DF8C-44D0-80A4-865590D4CA82}.LIB Debug|Win32.Build.0 = Debug|Win32
		{B362D677-DF8C-44D0-80A4-865590D4CA82}.LIB Release|Win32.ActiveCfg = Release|Win32
		{B362D677-DF8C-44D0-80A4-865590D4CA82}.LIB Release|Win32.Build.0 = Release|Win32
		{B362D677-DF8C-44D0-80A4-865590D4CA82}.Release NoLauncher|Win32.ActiveCfg = Release|Win32
		{B362D677-DF8C-44D0-80A4-865590D4CA82}.Release NoLauncher|Win32.Build.0 = Release|Win32
		{B362D677-DF8C-44D0-80A4-865590D4CA82}.Release|Win32.ActiveCfg = Release|Win32
		{B362D677-DF8C-44D0-80A4-865590D4CA82}.Release|Win32.Build.0 = Release|Win32
		{B362D677-DF8C-44D0-80A4-865590D4CA82}.ReleaseWithoutAsm|Win32.ActiveCfg = Release|Win32
		{B362D677-DF8C-44D0-80A4-865590D4CA82}.ReleaseWithoutAsm|Win32.Build.0 = Release|Win32
		{3DA2F57E-C1A5-4EDF-89CD-5D08683ACD13}.Debug NoLauncher|Win32.ActiveCfg = Debug|Win32
		{3DA2F57E-C1A5-4EDF-89CD-5D08683ACD13}.Debug NoLauncher|Win32.Build.0 = Debug|Win32
		{3DA2F57E-C1A5-4EDF-89CD-5D08683ACD13}.Debug|Win32.ActiveCfg = Debug|Win32
		{3DA2F57E-C1A5-4EDF-89CD-5D08683ACD13}.Debug|Win32.Build.0 = Debug|Win32
		{3DA2F57E-C1A5-4EDF-89CD-5D08683ACD13}.DLL Debug|Win32.ActiveCfg = Debug|Win32
		{3DA2F57E-C1A5-4EDF-89CD-5D08683ACD13}.DLL Debug|Win32.Build.0 = Debug|Win32
		{3DA2F57E-C1A5-4EDF-89CD-5D08683ACD13}.DLL Release|Win32.ActiveCfg = Release|Win32
		{3DA2F57E-C1A5-4EDF-89CD-5D08683ACD13}.DLL Release|Win32.Build.0 = Release|Win32
		{3DA2F57E-C1A5-4EDF-89CD-5D08683ACD13}.LIB Debug|Win32.ActiveCfg = Debug|Win32
		{3DA2F57E-C1A5-4EDF-89CD-5D08683ACD13}.LIB Debug|Win32.Build.0 = Debug|Win32
		{3DA2F57E-C1A5-4EDF-89CD-5D08683ACD13}.LIB Release|Win32.ActiveCfg = Release|Win32
		{3DA2F57E-C1A5-4EDF-89CD-5D08683ACD13}.LIB Release|Win32.Build.0 = Release|Win32
		{3DA2F57E-C1A5-4EDF-89CD-5D08683ACD13}.Release NoLauncher|Win32.ActiveCfg = Release|Win32
		{3DA2F57E-C1A5-4EDF-89CD-5D08683ACD13}.Release NoLauncher|Win32.Build.0 = Release|Win32
		{3DA2F57E-C1A5-4EDF-89CD-5D08683ACD13}.Release|Win32.ActiveCfg = Release|Win32
		{3DA2F57E-C1A5-4EDF-89CD-5D08683ACD13}.Release|Win32.Build.0 = Release|Win32
		{3DA2F57E-C1A5-4EDF-89CD-5D08683ACD13}.ReleaseWithoutAsm|Win32.ActiveCfg = Release|Win32
		{3DA2F57E-C1A5-4EDF-89CD-5D08683ACD13}.ReleaseWithoutAsm|Win32.Build.0 = Release|Win32
		{2786EC82-8C05-4FC9-AA26-11432AEF2DBB}.Debug NoLauncher|Win32.ActiveCfg = Debug|Win32
		{2786EC82-8C05-4FC9-AA26-11432AEF2DBB}.Debug NoLauncher|Win32.Build.0 = Debug|Win32
		{2786EC82-8C05-4FC9-AA26-11432AEF2DBB}.Debug|Win32.ActiveCfg = Debug|Win32
		{2786EC82-8C05-4FC9-AA26-11432AEF2DBB}.Debug|Win32.Build.0 = Debug|Win32
		{2786EC82-8C05-4FC9-AA26-11432AEF2DBB}.DLL Debug|Win32.ActiveCfg = Debug|Win32
		{2786EC82-8C05-4FC9-AA26-11432AEF2DBB}.DLL Debug|Win32.Build.0 = Debug|Win32
		{2786EC82-8C05-4FC9-AA26-11432AEF2DBB}.DLL Release|Win32.ActiveCfg = Release|Win32
		{2786EC82-8C05-4FC9-AA26-11432AEF2DBB}.DLL Release|Win32.Build.0 = Release|Win32
		{2786EC82-8C05-4FC9-AA26-11432AEF2DBB}.LIB Debug|Win32.ActiveCfg = Debug|Win32
		{2786EC82-8C05-4FC9-AA26-11432AEF2DBB}.LIB Debug|Win32.Build.0 = Debug|Win32
		{2786EC82-8C05-4FC9-AA26-11432AEF2DBB}.LIB Release|Win32.ActiveCfg = Release|Win32
		{2786EC82-8C05-4FC9-AA26-11432AEF2DBB}.LIB Release|Win32.Build.0 = Release|Win32
		{2786EC82-8C05-4FC9-AA26-11432AEF2DBB}.Release NoLauncher|Win32.ActiveCfg = Release|Win32
		{2786EC82-8C05-4FC9-AA26-11432AEF2DBB}.Release NoLauncher|Win32.Build.0 = Release|Win32
		{2786EC82-8C05-4FC9-AA26-11432AEF2DBB}.Release|Win32.ActiveCfg = Release|Win32
		{2786EC82-8C05-4FC9-AA26-11432AEF2DBB}.Release|Win32.Build.0 = Release|Win32
		{2786EC82-8C05-4FC9-AA26-11432AEF2DBB}.ReleaseWithoutAsm|Win32.ActiveCfg = Release|Win32
		{2786EC82-8C05-4FC9-AA26-11432AEF2DBB}.ReleaseWithoutAsm|Win32.Build.0 = Release|Win32
		{7E973546-5579-4797-8DDC-01405B2E14BB}.Debug NoLauncher|Win32.ActiveCfg = Debug|Win32
		{7E973546-5579-4797-8DDC-01405B2E14BB}.Debug NoLauncher|Win32.Build.0 = Debug|Win32
		{7E973546-5579-4797-8DDC-01405B2E14BB}.Debug|Win32.ActiveCfg = Debug|Win32
		{7E973546-5579-4797-8DDC-01405B2E14BB}.Debug|Win32.Build.0 = Debug|Win32
		{7E973546-5579-4797-8DDC-01405B2E14BB}.DLL Debug|Win32.ActiveCfg = Debug|Win32
		{7E973546-5579-4797-8DDC-01405B2E14BB}.DLL Debug|Win32.Build.0 = Debug|Win32
		{7E973546-5579-4797-8DDC-01405B2E14BB}.DLL Release|Win32.ActiveCfg = Release|Win32
		{7E973546-5579-4797-8DDC-01405B2E14BB}.DLL Release|Win32.Build.0 = Release|Win32
		{7E973546-5579-4797-8DDC-01405B2E14BB}.LIB Debug|Win32.ActiveCfg = Debug|Win32
		{7E973546-5579-4797-8DDC-01405B2E14BB}.LIB Debug|Win32.Build.0 = Debug|Win32
		{7E973546-5579-4797-8DDC-01405B2E14BB}.LIB Release|Win32.ActiveCfg = Release|Win32
		{7E973546-5579-4797-8DDC-01405B2E14BB}.LIB Release|Win32.Build.0 = Release|Win32
		{7E973546-5579-4797-8DDC-01405B2E14BB}.Release NoLauncher|Win32.ActiveCfg = Release|Win32
		{7E973546-5579-4797-8DDC-01405B2E14BB}.Release NoLauncher|Win32.Build.0 = Release|Win32
		{7E973546-5579-4797-8DDC-01405B2E14BB}.Release|Win32.ActiveCfg = Release|Win32
		{7E973546-5579-4797-8DDC-01405B2E14BB}.Release|Win32.Build.0 = Release|Win32
		{7E973546-5579-4797-8DDC-01405B2E14BB}.ReleaseWithoutAsm|Win32.ActiveCfg = Release|Win32
		{7E973546-5579-4797-8DDC-01405B2E14BB}.ReleaseWithoutAsm|Win32.Build.0 = Release|Win32
		{4BB16E10-5E82-4FC6-95CE-1D6EDAE96B5F}.Debug NoLauncher|Win32.ActiveCfg = Debug|Win32
		{4BB16E10-5E82-4FC6-95CE-1D6EDAE96B5F}.Debug NoLauncher|Win32.Build.0 = Debug|Win32
		{4BB16E10-5E82-4FC6-95CE-1D6EDAE96B5F}.Debug|Win32.ActiveCfg = Debug|Win32
		{4BB16E10-5E82-4FC6-95CE-1D6EDAE96B5F}.Debug|Win32.Build.0 = Debug|Win32
		{4BB16E10-5E82-4FC6-95CE-1D6EDAE96B5F}.DLL Debug|Win32.ActiveCfg = Debug|Win32
		{4BB16E10-5E82-4FC6-95CE-1D6EDAE96B5F}.DLL Debug|Win32.Build.0 = Debug|Win32
		{4BB16E10-5E82-4FC6-95CE-1D6EDAE96B5F}.DLL Release|Win32.ActiveCfg = Release|Win32
		{4BB16E10-5E82-4FC6-95CE-1D6EDAE96B5F}.DLL Release|Win32.Build.0 = Release|Win32
		{4BB16E10-5E82-4FC6-95CE-1D6EDAE96B5F}.LIB Debug|Win32.ActiveCfg = Debug|Win32
		{4BB16E10-5E82-4FC6-95CE-1D6EDAE96B5F}.LIB Debug|Win32.Build.0 = Debug|Win32
		{4BB16E10-5E82-4FC6-95CE-1D6EDAE96B5F}.LIB Release|Win32.ActiveCfg = Release|Win32
		{4BB16E10-5E82-4FC6-95CE-1D6EDAE96B5F}.LIB Release|Win32.Build.0 = Release|Win32
		{4BB16E10-5E82-4FC6-95CE-1D6EDAE96B5F}.Release NoLauncher|Win32.ActiveCfg = Release|Win32
		{4BB16E10-5E82-4FC6-95CE-1D6EDAE96B5F}.Release NoLauncher|Win32.Build.0 = Release|Win32
		{4BB16E10-5E82-4FC6-95CE-1D6EDAE96B5F}.Release|Win32.ActiveCfg = Release|Win32
		{4BB16E10-5E82-4FC6-95CE-1D6EDAE96B5F}.Release|Win32.Build.0 = Release|Win32
		{4BB16E10-5E82-4FC6-95CE-1D6EDAE96B5F}.ReleaseWithoutAsm|Win32.ActiveCfg = Release|Win32
		{4BB16E10-5E82-4FC6-95CE-1D6EDAE96B5F}.ReleaseWithoutAsm|Win32.Build.0 = Release|Win32
		{86AD7B51-8041-4DAF-BE47-3112281AC26F}.Debug NoLauncher|Win32.ActiveCfg = Debug|Win32
		{86AD7B51-8041-4DAF-BE47-3112281AC26F}.Debug NoLauncher|Win32.Build.0 = Debug|Win32
		{86AD7B51-8041-4DAF-BE47-3112281AC26F}.Debug|Win32.ActiveCfg = Debug|Win32
		{86AD7B51-8041-4DAF-BE47-3112281AC26F}.Debug|Win32.Build.0 = Debug|Win32
		{86AD7B51-8041-4DAF-BE47-3112281AC26F}.DLL Debug|Win32.ActiveCfg = Debug|Win32
		{86AD7B51-8041-4DAF-BE47-3112281AC26F}.DLL Debug|Win32.Build.0 = Debug|Win32
		{86AD7B51-8041-4DAF-BE47-3112281AC26F}.DLL Release|Win32.ActiveCfg = Release|Win32
		{86AD7B51-8041-4DAF-BE47-3112281AC26F}.DLL Release|Win32.Build.0 = Release|Win32
		{86AD7B51-8041-4DAF-BE47-3112281AC26F}.LIB Debug|Win32.ActiveCfg = Debug|Win32
		{86AD7B51-8041-4DAF-BE47-3112281AC26F}.LIB Debug|Win32.Build.0 = Debug|Win32
		{86AD7B51-8041-4DAF-BE47-3112281AC26F}.LIB Release|Win32.ActiveCfg = Release|Win32
		{86AD7B51-8041-4DAF-BE47-3112281AC26F}.LIB Release|Win32.Build.0 = Release|Win32
		{86AD7B51-8041-4DAF-BE47-3112281AC26F}.Release NoLauncher|Win32.ActiveCfg = Release|Win32
		{86AD7B51-8041-4DAF-BE47-3112281AC26F}.Release NoLauncher|Win32.Build.0 = Release|Win32
		{86AD7B51-8041-4DAF-BE47-3112281AC26F}.Release|Win32.ActiveCfg = Release|Win32
		{86AD7B51-8041-4DAF-BE47-3112281AC26F}.Release|Win32.Build.0 = Release|Win32
		{86AD7B51-8041-4DAF-BE47-3112281AC26F}.ReleaseWithoutAsm|Win32.ActiveCfg = Release|Win32
		{86AD7B51-8041-4DAF-BE47-3112281AC26F}.ReleaseWithoutAsm|Win32.Build.0 = Release|Win32
		{AA75B895-9958-4D71-9419-D86946478CAA}.Debug NoLauncher|Win32.ActiveCfg = Debug|Win32
		{AA75B895-9958-4D71-9419-D86946478CAA}.Debug NoLauncher|Win32.Build.0 = Debug|Win32
		{AA75B895-9958-4D71-9419-D86946478CAA}.Debug|Win32.ActiveCfg = Debug|Win32
		{AA75B895-9958-4D71-9419-D86946478CAA}.Debug|Win32.Build.0 = Debug|Win32
		{AA75B895-9958-4D71-9419-D86946478CAA}.DLL Debug|Win32.ActiveCfg = Debug|Win32
		{AA75B895-9958-4D71-9419-D86946478CAA}.DLL Debug|Win32.Build.0 = Debug|Win32
		{AA75B895-9958-4D71-9419-D86946478CAA}.DLL Release|Win32.ActiveCfg = Release|Win32
		{AA75B895-9958-4D71-9419-D86946478CAA}.DLL Release|Win32.Build.0 = Release|Win32
		{AA75B895-9958-4D71-9419-D86946478CAA}.LIB Debug|Win32.ActiveCfg = Debug|Win32
		{AA75B895-9958-4D71-9419-D86946478CAA}.LIB Debug|Win32.Build.0 = Debug|Win32
		{AA75B895-9958-4D71-9419-D86946478CAA}.LIB Release|Win32.ActiveCfg = Release|Win32
		{AA75B895-9958-4D71-9419-D86946478CAA}.LIB Release|Win32.Build.0 = Release|Win32
		{AA75B895-9958-4D71-9419-D86946478CAA}.Release NoLauncher|Win32.ActiveCfg = Release|Win32
		{AA75B895-9958-4D71-9419-D86946478CAA}.Release NoLauncher|Win32.Build.0 = Release|Win32
		{AA75B895-9958-4D71-9419-D86946478CAA}.Release|Win32.ActiveCfg = Release|Win32
		{AA75B895-9958-4D71-9419-D86946478CAA}.Release|Win32.Build.0 = Release|Win32
		{AA75B895-9958-4D71-9419-D86946478CAA}.ReleaseWithoutAsm|Win32.ActiveCfg = Release|Win32
		{AA75B895-9958-4D71-9419-D86946478CAA}.ReleaseWithoutAsm|Win32.Build.0 = Release|Win32
		{57C401AD-8E91-4FDC-B9FA-545B230AE401}.Debug NoLauncher|Win32.ActiveCfg = Debug NoLauncher|Win32
		{57C401AD-8E91-4FDC-B9FA-545B230AE401}.Debug NoLauncher|Win32.Build.0 = Debug NoLauncher|Win32
		{57C401AD-8E91-4FDC-B9FA-545B230AE401}.Debug|Win32.ActiveCfg = Debug|Win32
		{57C401AD-8E91-4FDC-B9FA-545B230AE401}.Debug|Win32.Build.0 = Debug|Win32
		{57C401AD-8E91-4FDC-B9FA-545B230AE401}.DLL Debug|Win32.ActiveCfg = Debug|Win32
		{57C401AD-8E91-4FDC-B9FA-545B230AE401}.DLL Debug|Win32.Build.0 = Debug|Win32
		{57C401AD-8E91-4FDC-B9FA-545B230AE401}.DLL Release|Win32.ActiveCfg = Release|Win32
		{57C401AD-8E91-4FDC-B9FA-545B230AE401}.DLL Release|Win32.Build.0 = Release|Win32
		{57C401AD-8E91-4FDC-B9FA-545B230AE401}.LIB Debug|Win32.ActiveCfg = Debug|Win32
		{57C401AD-8E91-4FDC-B9FA-545B230AE401}.LIB Debug|Win32.Build.0 = Debug|Win32
		{57C401AD-8E91-4FDC-B9FA-545B230AE401}.LIB Release|Win32.ActiveCfg = Release|Win32
		{57C401AD-8E91-4FDC-B9FA-545B230AE401}.LIB Release|Win32.Build.0 = Release|Win32
		{57C401AD-8E91-4FDC-B9FA-545B230AE401}.Release NoLauncher|Win32.ActiveCfg = Release NoLauncher|Win32
		{57C401AD-8E91-4FDC-B9FA-545B230AE401}.Release NoLauncher|Win32.Build.0 = Release NoLauncher|Win32
		{57C401AD-8E91-4FDC-B9FA-545B230AE401}.Release|Win32.ActiveCfg = Release|Win32
		{57C401AD-8E91-4FDC-B9FA-545B230AE401}.Release|Win32.Build.0 = Release|Win32
		{57C401AD-8E91-4FDC-B9FA-545B230AE401}.ReleaseWithoutAsm|Win32.ActiveCfg = Release NoLauncher|Win32
		{57C401AD-8E91-4FDC-B9FA-545B230AE401}.ReleaseWithoutAsm|Win32.Build.0 = Release NoLauncher|Win32
		{79FCFAF3-24D3-4D81-AFC9-B7DB7FA464DD}.Debug NoLauncher|Win32.ActiveCfg = Debug|Win32
		{79FCFAF3-24D3-4D81-AFC9-B7DB7FA464DD}.Debug NoLauncher|Win32.Build.0 = Debug|Win32
		{79FCFAF3-24D3-4D81-AFC9-B7DB7FA464DD}.Debug|Win32.ActiveCfg = Debug|Win32
		{79FCFAF3-24D3-4D81-AFC9-B7DB7FA464DD}.Debug|Win32.Build.0 = Debug|Win32
		{79FCFAF3-24D3-4D81-AFC9-B7DB7FA464DD}.DLL Debug|Win32.ActiveCfg = Debug|Win32
		{79FCFAF3-24D3-4D81-AFC9-B7DB7FA464DD}.DLL Debug|Win32.Build.0 = Debug|Win32
		{79FCFAF3-24D3-4D81-AFC9-B7DB7FA464DD}.DLL Release|Win32.ActiveCfg = Release|Win32
		{79FCFAF3-24D3-4D81-AFC9-B7DB7FA464DD}.DLL Release|Win32.Build.0 = Release|Win32
		{79FCFAF3-24D3-4D81-AFC9-B7DB7FA464DD}.LIB Debug|Win32.ActiveCfg = Debug|Win32
		{79FCFAF3-24D3-4D81-AFC9-B7DB7FA464DD}.LIB Debug|Win32.Build.0 = Debug|Win32
		{79FCFAF3-24D3-4D81-AFC9-B7DB7FA464DD}.LIB Release|Win32.ActiveCfg = Release|Win32
		{79FCFAF3-24D3-4D81-AFC9-B7DB7FA464DD}.LIB Release|Win32.Build.0 = Release|Win32
		{79FCFAF3-24D3-4D81-AFC9-B7DB7FA464DD}.Release NoLauncher|Win32.ActiveCfg = Release|Win32
		{79FCFAF3-24D3-4D81-AFC9-B7DB7FA464DD}.Release NoLauncher|Win32.Build.0 = Release|Win32
		{79FCFAF3-24D3-4D81-AFC9-B7DB7FA464DD}.Release|Win32.ActiveCfg = Release|Win32
		{79FCFAF3-24D3-4D81-AFC9-B7DB7FA464DD}.Release|Win32.Build.0 = Release|Win32
		{79FCFAF3-24D3-4D81-AFC9-B7DB7FA464DD}.ReleaseWithoutAsm|Win32.ActiveCfg = Release|Win32
		{79FCFAF3-24D3-4D81-AFC9-B7DB7FA464DD}.ReleaseWithoutAsm|Win32.Build.0 = Release|Win32
		{4EADAD66-48DE-419A-9147-00F19F8955E4}.Debug NoLauncher|Win32.ActiveCfg = Debug NoLauncher|Win32
		{4EADAD66-48DE-419A-9147-00F19F8955E4}.Debug NoLauncher|Win32.Build.0 = Debug NoLauncher|Win32
		{4EADAD66-48DE-419A-9147-00F19F8955E4}.Debug|Win32.ActiveCfg = Debug|Win32
		{4EADAD66-48DE-419A-9147-00F19F8955E4}.Debug|Win32.Build.0 = Debug|Win32
		{4EADAD66-48DE-419A-9147-00F19F8955E4}.DLL Debug|Win32.ActiveCfg = Debug|Win32
		{4EADAD66-48DE-419A-9147-00F19F8955E4}.DLL Debug|Win32.Build.0 = Debug|Win32
		{4EADAD66-48DE-419A-9147-00F19F8955E4}.DLL Release|Win32.ActiveCfg = Release|Win32
		{4EADAD66-48DE-419A-9147-00F19F8955E4}.DLL Release|Win32.Build.0 = Release|Win32
		{4EADAD66-48DE-419A-9147-00F19F8955E4}.LIB Debug|Win32.ActiveCfg = Debug|Win32
		{4EADAD66-48DE-419A-9147-00F19F8955E4}.LIB Debug|Win32.Build.0 = Debug|Win32
		{4EADAD66-48DE-419A-9147-00F19F8955E4}.LIB Release|Win32.ActiveCfg = Release|Win32
		{4EADAD66-48DE-419A-9147-00F19F8955E4}.LIB Release|Win32.Build.0 = Release|Win32
		{4EADAD66-48DE-419A-9147-00F19F8955E4}.Release NoLauncher|Win32.ActiveCfg = Release NoLauncher|Win32
		{4EADAD66-48DE-419A-9147-00F19F8955E4}.Release NoLauncher|Win32.Build.0 = Release NoLauncher|Win32
		{4EADAD66-48DE-419A-9147-00F19F8955E4}.Release|Win32.ActiveCfg = Release|Win32
		{4EADAD66-48DE-419A-9147-00F19F8955E4}.Release|Win32.Build.0 = Release|Win32
		{4EADAD66-48DE-419A-9147-00F19F8955E4}.ReleaseWithoutAsm|Win32.ActiveCfg = Release NoLauncher|Win32
		{4EADAD66-48DE-419A-9147-00F19F8955E4}.ReleaseWithoutAsm|Win32.Build.0 = Release NoLauncher|Win32
		{93364939-AC63-4A14-ACB8-5FE63CA1C251}.Debug NoLauncher|Win32.ActiveCfg = Debug|Win32
		{93364939-AC63-4A14-ACB8-5FE63CA1C251}.Debug NoLauncher|Win32.Build.0 = Debug|Win32
		{93364939-AC63-4A14-ACB8-5FE63CA1C251}.Debug|Win32.ActiveCfg = Debug|Win32
		{93364939-AC63-4A14-ACB8-5FE63CA1C251}.Debug|Win32.Build.0 = Debug|Win32
		{93364939-AC63-4A14-ACB8-5FE63CA1C251}.DLL Debug|Win32.ActiveCfg = Debug|Win32
		{93364939-AC63-4A14-ACB8-5FE63CA1C251}.DLL Debug|Win32.Build.0 = Debug|Win32
		{93364939-AC63-4A14-ACB8-5FE63CA1C251}.DLL Release|Win32.ActiveCfg = Release|Win32
		{93364939-AC63-4A14-ACB8-5FE63CA1C251}.DLL Release|Win32.Build.0 = Release|Win32
		{93364939-AC63-4A14-ACB8-5FE63CA1C251}.LIB Debug|Win32.ActiveCfg = Debug|Win32
		{93364939-AC63-4A14-ACB8-5FE63CA1C251}.LIB Debug|Win32.Build.0 = Debug|Win32
		{93364939-AC63-4A14-ACB8-5FE63CA1C251}.LIB Release|Win32.ActiveCfg = Release|Win32
		{93364939-AC63-4A14-ACB8-5FE63CA1C251}.LIB Release|Win32.Build.0 = Release|Win32
		{93364939-AC63-4A14-ACB8-5FE63CA1C251}.Release NoLauncher|Win32.ActiveCfg = Release|Win32
		{93364939-AC63-4A14-ACB8-5FE63CA1C251}.Release NoLauncher|Win32.Build.0 = Release|Win32
		{93364939-AC63-4A14-ACB8-5FE63CA1C251}.Release|Win32.ActiveCfg = Release|Win32
		{93364939-AC63-4A14-ACB8-5FE63CA1C251}.Release|Win32.Build.0 = Release|Win32
		{93364939-AC63-4A14-ACB8-5FE63CA1C251}.ReleaseWithoutAsm|Win32.ActiveCfg = Release|Win32
		{93364939-AC63-4A14-ACB8-5FE63CA1C251}.ReleaseWithoutAsm|Win32.Build.0 = Release|Win32
		{A3A84737-5017-4577-B8A2-79429A25B8B6}.Debug NoLauncher|Win32.ActiveCfg = Debug NoLauncher|Win32
		{A3A84737-5017-4577-B8A2-79429A25B8B6}.Debug NoLauncher|Win32.Build.0 = Debug NoLauncher|Win32
		{A3A84737-5017-4577-B8A2-79429A25B8B6}.Debug|Win32.ActiveCfg = Debug|Win32
		{A3A84737-5017-4577-B8A2-79429A25B8B6}.Debug|Win32.Build.0 = Debug|Win32
		{A3A84737-5017-4577-B8A2-79429A25B8B6}.DLL Debug|Win32.ActiveCfg = Debug|Win32
		{A3A84737-5017-4577-B8A2-79429A25B8B6}.DLL Debug|Win32.Build.0 = Debug|Win32
		{A3A84737-5017-4577-B8A2-79429A25B8B6}.DLL Release|Win32.ActiveCfg = Release|Win32
		{A3A84737-5017-4577-B8A2-79429A25B8B6}.DLL Release|Win32.Build.0 = Release|Win32
		{A3A84737-5017-4577-B8A2-79429A25B8B6}.LIB Debug|Win32.ActiveCfg = Debug|Win32
		{A3A84737-5017-4577-B8A2-79429A25B8B6}.LIB Debug|Win32.Build.0 = Debug|Win32
		{A3A84737-5017-4577-B8A2-79429A25B8B6}.LIB Release|Win32.ActiveCfg = Release|Win32
		{A3A84737-5017-4577-B8A2-79429A25B8B6}.LIB Release|Win32.Build.0 = Release|Win32
		{A3A84737-5017-4577-B8A2-79429A25B8B6}.Release NoLauncher|Win32.ActiveCfg = Release NoLauncher|Win32
		{A3A84737-5017-4577-B8A2-79429A25B8B6}.Release NoLauncher|Win32.Build.0 = Release NoLauncher|Win32
		{A3A84737-5017-4577-B8A2-79429A25B8B6}.Release|Win32.ActiveCfg = Release|Win32
		{A3A84737-5017-4577-B8A2-79429A25B8B6}.Release|Win32.Build.0 = Release|Win32
		{A3A84737-5017-4577-B8A2-79429A25B8B6}.ReleaseWithoutAsm|Win32.ActiveCfg = Release NoLauncher|Win32
		{A3A84737-5017-4577-B8A2-79429A25B8B6}.ReleaseWithoutAsm|Win32.Build.0 = Release NoLauncher|Win32
		{25418CD4-AE52-4BF7-A466-BA132D4F2AFF}.Debug NoLauncher|Win32.ActiveCfg = Debug|Win32
		{25418CD4-AE52-4BF7-A466-BA132D4F2AFF}.Debug NoLauncher|Win32.Build.0 = Debug|Win32
		{25418CD4-AE52-4BF7-A466-BA132D4F2AFF}.Debug|Win32.ActiveCfg = Debug|Win32
		{25418CD4-AE52-4BF7-A466-BA132D4F2AFF}.Debug|Win32.Build.0 = Debug|Win32
		{25418CD4-AE52-4BF7-A466-BA132D4F2AFF}.DLL Debug|Win32.ActiveCfg = Debug|Win32
		{25418CD4-AE52-4BF7-A466-BA132D4F2AFF}.DLL Debug|Win32.Build.0 = Debug|Win32
		{25418CD4-AE52-4BF7-A466-BA132D4F2AFF}.DLL Release|Win32.ActiveCfg = Release|Win32
		{25418CD4-AE52-4BF7-A466-BA132D4F2AFF}.DLL Release|Win32.Build.0 = Release|Win32
		{25418CD4-AE52-4BF7-A466-BA132D4F2AFF}.LIB Debug|Win32.ActiveCfg = Debug|Win32
		{25418CD4-AE52-4BF7-A466-BA132D4F2AFF}.LIB Debug|Win32.Build.0 = Debug|Win32
		{25418CD4-AE52-4BF7-A466-BA132D4F2AFF}.LIB Release|Win32.ActiveCfg = Release|Win32
		{25418CD4-AE52-4BF7-A466-BA132D4F2AFF}.LIB Release|Win32.Build.0 = Release|Win32
		{25418CD4-AE52-4BF7-A466-BA132D4F2AFF}.Release NoLauncher|Win32.ActiveCfg = Release|Win32
		{25418CD4-AE52-4BF7-A466-BA132D4F2AFF}.Release NoLauncher|Win32.Build.0 = Release|Win32
		{25418CD4-AE52-4BF7-A466-BA132D4F2AFF}.Release|Win32.ActiveCfg = Release|Win32
		{25418CD4-AE52-4BF7-A466-BA132D4F2AFF}.Release|Win32.Build.0 = Release|Win32
		{25418CD4-AE52-4BF7-A466-BA132D4F2AFF}.ReleaseWithoutAsm|Win32.ActiveCfg = Release|Win32
		{25418CD4-AE52-4BF7-A466-BA132D4F2AFF}.ReleaseWithoutAsm|Win32.Build.0 = Release|Win32
		{50DF6A4B-10A9-4838-B7F2-1D42AACC8FDA}.Debug NoLauncher|Win32.ActiveCfg = Debug|Win32
		{50DF6A4B-10A9-4838-B7F2-1D42AACC8FDA}.Debug NoLauncher|Win32.Build.0 = Debug|Win32
		{50DF6A4B-10A9-4838-B7F2-1D42AACC8FDA}.Debug|Win32.ActiveCfg = Debug|Win32
		{50DF6A4B-10A9-4838-B7F2-1D42AACC8FDA}.Debug|Win32.Build.0 = Debug|Win32
		{50DF6A4B-10A9-4838-B7F2-1D42AACC8FDA}.DLL Debug|Win32.ActiveCfg = Debug|Win32
		{50DF6A4B-10A9-4838-B7F2-1D42AACC8FDA}.DLL Debug|Win32.Build.0 = Debug|Win32
		{50DF6A4B-10A9-4838-B7F2-1D42AACC8FDA}.DLL Release|Win32.ActiveCfg = Release|Win32
		{50DF6A4B-10A9-4838-B7F2-1D42AACC8FDA}.DLL Release|Win32.Build.0 = Release|Win32
		{50DF6A4B-10A9-4838-B7F2-1D42AACC8FDA}.LIB Debug|Win32.ActiveCfg = Debug|Win32
		{50DF6A4B-10A9-4838-B7F2-1D42AACC8FDA}.LIB Debug|Win32.Build.0 = Debug|Win32
		{50DF6A4B-10A9-4838-B7F2-1D42AACC8FDA}.LIB Release|Win32.ActiveCfg = Release|Win32
		{50DF6A4B-10A9-4838-B7F2-1D42AACC8FDA}.LIB Release|Win32.Build.0 = Release|Win32
		{50DF6A4B-10A9-4838-B7F2-1D42AACC8FDA}.Release NoLauncher|Win32.ActiveCfg = Release|Win32
		{50DF6A4B-10A9-4838-B7F2-1D42AACC8FDA}.Release NoLauncher|Win32.Build.0 = Release|Win32
		{50DF6A4B-10A9-4838-B7F2-1D42AACC8FDA}.Release|Win32.ActiveCfg = Release|Win32
		{50DF6A4B-10A9-4838-B7F2-1D42AACC8FDA}.Release|Win32.Build.0 = Release|Win32
		{50DF6A4B-10A9-4838-B7F2-1D42AACC8FDA}.ReleaseWithoutAsm|Win32.ActiveCfg = Release|Win32
		{50DF6A4B-10A9-4838-B7F2-1D42AACC8FDA}.ReleaseWithoutAsm|Win32.Build.0 = Release|Win32
		{3559A331-1E8F-4FB4-B183-6146EFD399FA}.Debug NoLauncher|Win32.ActiveCfg = Debug|Win32
		{3559A331-1E8F-4FB4-B183-6146EFD399FA}.Debug NoLauncher|Win32.Build.0 = Debug|Win32
		{3559A331-1E8F-4FB4-B183-6146EFD399FA}.Debug|Win32.ActiveCfg = Debug|Win32
		{3559A331-1E8F-4FB4-B183-6146EFD399FA}.Debug|Win32.Build.0 = Debug|Win32
		{3559A331-1E8F-4FB4-B183-6146EFD399FA}.DLL Debug|Win32.ActiveCfg = Debug|Win32
		{3559A331-1E8F-4FB4-B183-6146EFD399FA}.DLL Debug|Win32.Build.0 = Debug|Win32
		{3559A331-1E8F-4FB4-B183-6146EFD399FA}.DLL Release|Win32.ActiveCfg = Release|Win32
		{3559A331-1E8F-4FB4-B183-6146EFD399FA}.DLL Release|Win32.Build.0 = Release|Win32
		{3559A331-1E8F-4FB4-B183-6146EFD399FA}.LIB Debug|Win32.ActiveCfg = Debug|Win32
		{3559A331-1E8F-4FB4-B183-6146EFD399FA}.LIB Debug|Win32.Build.0 = Debug|Win32
		{3559A331-1E8F-4FB4-B183-6146EFD399FA}.LIB Release|Win32.ActiveCfg = Release|Win32
		{3559A331-1E8F-4FB4-B183-6146EFD399FA}.LIB Release|Win32.Build.0 = Release|Win32
		{3559A331-1E8F-4FB4-B183-6146EFD399FA}.Release NoLauncher|Win32.ActiveCfg = Release|Win32
		{3559A331-1E8F-4FB4-B183-6146EFD399FA}.Release NoLauncher|Win32.Build.0 = Release|Win32
		{3559A331-1E8F-4FB4-B183-6146EFD399FA}.Release|Win32.ActiveCfg = Release|Win32
		{3559A331-1E8F-4FB4-B183-6146EFD399FA}.Release|Win32.Build.0 = Release|Win32
		{3559A331-1E8F-4FB4-B183-6146EFD399FA}.ReleaseWithoutAsm|Win32.ActiveCfg = Release|Win32
		{3559A331-1E8F-4FB4-B183-6146EFD399FA}.ReleaseWithoutAsm|Win32.Build.0 = Release|Win32
		{CB583C72-DDA2-4F0B-9838-21F853F4CF3A}.Debug NoLauncher|Win32.ActiveCfg = Debug|Win32
		{CB583C72-DDA2-4F0B-9838-21F853F4CF3A}.Debug NoLauncher|Win32.Build.0 = Debug|Win32
		{CB583C72-DDA2-4F0B-9838-21F853F4CF3A}.Debug|Win32.ActiveCfg = Debug|Win32
		{CB583C72-DDA2-4F0B-9838-21F853F4CF3A}.Debug|Win32.Build.0 = Debug|Win32
		{CB583C72-DDA2-4F0B-9838-21F853F4CF3A}.DLL Debug|Win32.ActiveCfg = Debug|Win32
		{CB583C72-DDA2-4F0B-9838-21F853F4CF3A}.DLL Debug|Win32.Build.0 = Debug|Win32
		{CB583C72-DDA2-4F0B-9838-21F853F4CF3A}.DLL Release|Win32.ActiveCfg = Release|Win32
		{CB583C72-DDA2-4F0B-9838-21F853F4CF3A}.DLL Release|Win32.Build.0 = Release|Win32
		{CB583C72-DDA2-4F0B-9838-21F853F4CF3A}.LIB Debug|Win32.ActiveCfg = Debug|Win32
		{CB583C72-DDA2-4F0B-9838-21F853F4CF3A}.LIB Debug|Win32.Build.0 = Debug|Win32
		{CB583C72-DDA2-4F0B-9838-21F853F4CF3A}.LIB Release|Win32.ActiveCfg = Release|Win32
		{CB583C72-DDA2-4F0B-9838-21F853F4CF3A}.LIB Release|Win32.Build.0 = Release|Win32
		{CB583C72-DDA2-4F0B-9838-21F853F4CF3A}.Release NoLauncher|Win32.ActiveCfg = Release|Win32
		{CB583C72-DDA2-4F0B-9838-21F853F4CF3A}.Release NoLauncher|Win32.Build.0 = Release|Win32
		{CB583C72-DDA2-4F0B-9838-21F853F4CF3A}.Release|Win32.ActiveCfg = Release|Win32
		{CB583C72-DDA2-4F0B-9838-21F853F4CF3A}.Release|Win32.Build.0 = Release|Win32
		{CB583C72-DDA2-4F0B-9838-21F853F4CF3A}.ReleaseWithoutAsm|Win32.ActiveCfg = Release|Win32
		{CB583C72-DDA2-4F0B-9838-21F853F4CF3A}.ReleaseWithoutAsm|Win32.Build.0 = Release|Win32
		{8FD826F8-3739-44E6-8CC8-997122E53B8D}.Debug NoLauncher|Win32.ActiveCfg = Debug|Win32
		{8FD826F8-3739-44E6-8CC8-997122E53B8D}.Debug NoLauncher|Win32.Build.0 = Debug|Win32
		{8FD826F8-3739-44E6-8CC8-997122E53B8D}.Debug|Win32.ActiveCfg = Debug|Win32
		{8FD826F8-3739-44E6-8CC8-997122E53B8D}.Debug|Win32.Build.0 = Debug|Win32
		{8FD826F8-3739-44E6-8CC8-997122E53B8D}.DLL Debug|Win32.ActiveCfg = Debug|Win32
		{8FD826F8-3739-44E6-8CC8-997122E53B8D}.DLL Debug|Win32.Build.0 = Debug|Win32
		{8FD826F8-3739-44E6-8CC8-997122E53B8D}.DLL Release|Win32.ActiveCfg = Release|Win32
		{8FD826F8-3739-44E6-8CC8-997122E53B8D}.DLL Release|Win32.Build.0 = Release|Win32
		{8FD826F8-3739-44E6-8CC8-997122E53B8D}.LIB Debug|Win32.ActiveCfg = Debug|Win32
		{8FD826F8-3739-44E6-8CC8-997122E53B8D}.LIB Debug|Win32.Build.0 = Debug|Win32
		{8FD826F8-3739-44E6-8CC8-997122E53B8D}.LIB Release|Win32.ActiveCfg = Release|Win32
		{8FD826F8-3739-44E6-8CC8-997122E53B8D}.LIB Release|Win32.Build.0 = Release|Win32
		{8FD826F8-3739-44E6-8CC8-997122E53B8D}.Release NoLauncher|Win32.ActiveCfg = Release|Win32
		{8FD826F8-3739-44E6-8CC8-997122E53B8D}.Release NoLauncher|Win32.Build.0 = Release|Win32
		{8FD826F8-3739-44E6-8CC8-997122E53B8D}.Release|Win32.ActiveCfg = Release|Win32
		{8FD826F8-3739-44E6-8CC8-997122E53B8D}.Release|Win32.Build.0 = Release|Win32
		{8FD826F8-3739-44E6-8CC8-997122E53B8D}.ReleaseWithoutAsm|Win32.ActiveCfg = ReleaseWithoutAsm|Win32
		{8FD826F8-3739-44E6-8CC8-997122E53B8D}.ReleaseWithoutAsm|Win32.Build.0 = ReleaseWithoutAsm|Win32
		{46A36B44-0FC1-4244-9D43-FD4449756E64}.Debug NoLauncher|Win32.ActiveCfg = Debug NoLauncher|Win32
		{46A36B44-0FC1-4244-9D43-FD4449756E64}.Debug NoLauncher|Win32.Build.0 = Debug NoLauncher|Win32
		{46A36B44-0FC1-4244-9D43-FD4449756E64}.Debug|Win32.ActiveCfg = Debug|Win32
		{46A36B44-0FC1-4244-9D43-FD4449756E64}.Debug|Win32.Build.0 = Debug|Win32
		{46A36B44-0FC1-4244-9D43-FD4449756E64}.DLL Debug|Win32.ActiveCfg = Debug|Win32
		{46A36B44-0FC1-4244-9D43-FD4449756E64}.DLL Debug|Win32.Build.0 = Debug|Win32
		{46A36B44-0FC1-4244-9D43-FD4449756E64}.DLL Release|Win32.ActiveCfg = Release|Win32
		{46A36B44-0FC1-4244-9D43-FD4449756E64}.DLL Release|Win32.Build.0 = Release|Win32
		{46A36B44-0FC1-4244-9D43-FD4449756E64}.LIB Debug|Win32.ActiveCfg = Debug|Win32
		{46A36B44-0FC1-4244-9D43-FD4449756E64}.LIB Debug|Win32.Build.0 = Debug|Win32
		{46A36B44-0FC1-4244-9D43-FD4449756E64}.LIB Release|Win32.ActiveCfg = Release|Win32
		{46A36B44-0FC1-4244-9D43-FD4449756E64}.LIB Release|Win32.Build.0 = Release|Win32
		{46A36B44-0FC1-4244-9D43-FD4449756E64}.Release NoLauncher|Win32.ActiveCfg = Release NoLauncher|Win32
		{46A36B44-0FC1-4244-9D43-FD4449756E64}.Release NoLauncher|Win32.Build.0 = Release NoLauncher|Win32
		{46A36B44-0FC1-4244-9D43-FD4449756E64}.Release|Win32.ActiveCfg = Release|Win32
		{46A36B44-0FC1-4244-9D43-FD4449756E64}.Release|Win32.Build.0 = Release|Win32
		{46A36B44-0FC1-4244-9D43-FD4449756E64}.ReleaseWithoutAsm|Win32.ActiveCfg = Release NoLauncher|Win32
		{46A36B44-0FC1-4244-9D43-FD4449756E64}.ReleaseWithoutAsm|Win32.Build.0 = Release NoLauncher|Win32
		{3CD4972A-B356-4C23-81BE-6D921D32A669}.Debug NoLauncher|Win32.ActiveCfg = Debug|Win32
		{3CD4972A-B356-4C23-81BE-6D921D32A669}.Debug NoLauncher|Win32.Build.0 = Debug|Win32
		{3CD4972A-B356-4C23-81BE-6D921D32A669}.Debug|Win32.ActiveCfg = Debug|Win32
		{3CD4972A-B356-4C23-81BE-6D921D32A669}.Debug|Win32.Build.0 = Debug|Win32
		{3CD4972A-B356-4C23-81BE-6D921D32A669}.DLL Debug|Win32.ActiveCfg = Debug|Win32
		{3CD4972A-B356-4C23-81BE-6D921D32A669}.DLL Debug|Win32.Build.0 = Debug|Win32
		{3CD4972A-B356-4C23-81BE-6D921D32A669}.DLL Release|Win32.ActiveCfg = Release|Win32
		{3CD4972A-B356-4C23-81BE-6D921D32A669}.DLL Release|Win32.Build.0 = Release|Win32
		{3CD4972A-B356-4C23-81BE-6D921D32A669}.LIB Debug|Win32.ActiveCfg = Debug|Win32
		{3CD4972A-B356-4C23-81BE-6D921D32A669}.LIB Debug|Win32.Build.0 = Debug|Win32
		{3CD4972A-B356-4C23-81BE-6D921D32A669}.LIB Release|Win32.ActiveCfg = Release|Win32
		{3CD4972A-B356-4C23-81BE-6D921D32A669}.LIB Release|Win32.Build.0 = Release|Win32
		{3CD4972A-B356-4C23-81BE-6D921D32A669}.Release NoLauncher|Win32.ActiveCfg = Release|Win32
		{3CD4972A-B356-4C23-81BE-6D921D32A669}.Release NoLauncher|Win32.Build.0 = Release|Win32
		{3CD4972A-B356-4C23-81BE-6D921D32A669}.Release|Win32.ActiveCfg = Release|Win32
		{3CD4972A-B356-4C23-81BE-6D921D32A669}.Release|Win32.Build.0 = Release|Win32
		{3CD4972A-B356-4C23-81BE-6D921D32A669}.ReleaseWithoutAsm|Win32.ActiveCfg = Release|Win32
		{3CD4972A-B356-4C23-81BE-6D921D32A669}.ReleaseWithoutAsm|Win32.Build.0 = Release|Win32
		{C50C8037-AC8E-4CF0-8CD4-99E4BFDB07E9}.Debug NoLauncher|Win32.ActiveCfg = DLL Debug|Win32
		{C50C8037-AC8E-4CF0-8CD4-99E4BFDB07E9}.Debug NoLauncher|Win32.Build.0 = DLL Debug|Win32
		{C50C8037-AC8E-4CF0-8CD4-99E4BFDB07E9}.Debug|Win32.ActiveCfg = DLL Release|Win32
		{C50C8037-AC8E-4CF0-8CD4-99E4BFDB07E9}.Debug|Win32.Build.0 = DLL Release|Win32
		{C50C8037-AC8E-4CF0-8CD4-99E4BFDB07E9}.DLL Debug|Win32.ActiveCfg = DLL Debug|Win32
		{C50C8037-AC8E-4CF0-8CD4-99E4BFDB07E9}.DLL Debug|Win32.Build.0 = DLL Debug|Win32
		{C50C8037-AC8E-4CF0-8CD4-99E4BFDB07E9}.DLL Release|Win32.ActiveCfg = DLL Release|Win32
		{C50C8037-AC8E-4CF0-8CD4-99E4BFDB07E9}.DLL Release|Win32.Build.0 = DLL Release|Win32
		{C50C8037-AC8E-4CF0-8CD4-99E4BFDB07E9}.LIB Debug|Win32.ActiveCfg = DLL Debug|Win32
		{C50C8037-AC8E-4CF0-8CD4-99E4BFDB07E9}.LIB Debug|Win32.Build.0 = DLL Debug|Win32
		{C50C8037-AC8E-4CF0-8CD4-99E4BFDB07E9}.LIB Release|Win32.ActiveCfg = DLL Debug|Win32
		{C50C8037-AC8E-4CF0-8CD4-99E4BFDB07E9}.LIB Release|Win32.Build.0 = DLL Debug|Win32
		{C50C8037-AC8E-4CF0-8CD4-99E4BFDB07E9}.Release NoLauncher|Win32.ActiveCfg = DLL Release|Win32
		{C50C8037-AC8E-4CF0-8CD4-99E4BFDB07E9}.Release NoLauncher|Win32.Build.0 = DLL Release|Win32
		{C50C8037-AC8E-4CF0-8CD4-99E4BFDB07E9}.Release|Win32.ActiveCfg = DLL Release|Win32
		{C50C8037-AC8E-4CF0-8CD4-99E4BFDB07E9}.Release|Win32.Build.0 = DLL Release|Win32
		{C50C8037-AC8E-4CF0-8CD4-99E4BFDB07E9}.ReleaseWithoutAsm|Win32.ActiveCfg = DLL Debug|Win32
		{C50C8037-AC8E-4CF0-8CD4-99E4BFDB07E9}.ReleaseWithoutAsm|Win32.Build.0 = DLL Debug|Win32
		{70796EE0-39B0-4C29-A5B4-F1F5636B634A}.Debug NoLauncher|Win32.ActiveCfg = Debug|Win32
		{70796EE0-39B0-4C29-A5B4-F1F5636B634A}.Debug NoLauncher|Win32.Build.0 = Debug|Win32
		{70796EE0-39B0-4C29-A5B4-F1F5636B634A}.Debug|Win32.ActiveCfg = Debug|Win32
		{70796EE0-39B0-4C29-A5B4-F1F5636B634A}.Debug|Win32.Build.0 = Debug|Win32
		{70796EE0-39B0-4C29-A5B4-F1F5636B634A}.DLL Debug|Win32.ActiveCfg = Debug|Win32
		{70796EE0-39B0-4C29-A5B4-F1F5636B634A}.DLL Debug|Win32.Build.0 = Debug|Win32
		{70796EE0-39B0-4C29-A5B4-F1F5636B634A}.DLL Release|Win32.ActiveCfg = Release|Win32
		{70796EE0-39B0-4C29-A5B4-F1F5636B634A}.DLL Release|Win32.Build.0 = Release|Win32
		{70796EE0-39B0-4C29-A5B4-F1F5636B634A}.LIB Debug|Win32.ActiveCfg = Debug|Win32
		{70796EE0-39B0-4C29-A5B4-F1F5636B634A}.LIB Debug|Win32.Build.0 = Debug|Win32
		{70796EE0-39B0-4C29-A5B4-F1F5636B634A}.LIB Release|Win32.ActiveCfg = Release|Win32
		{70796EE0-39B0-4C29-A5B4-F1F5636B634A}.LIB Release|Win32.Build.0 = Release|Win32
		{70796EE0-39B0-4C29-A5B4-F1F5636B634A}.Release NoLauncher|Win32.ActiveCfg = Release|Win32
		{70796EE0-39B0-4C29-A5B4-F1F5636B634A}.Release NoLauncher|Win32.Build.0 = Release|Win32
		{70796EE0-39B0-4C29-A5B4-F1F5636B634A}.Release|Win32.ActiveCfg = Release|Win32
		{70796EE0-39B0-4C29-A5B4-F1F5636B634A}.Release|Win32.Build.0 = Release|Win32
		{70796EE0-39B0-4C29-A5B4-F1F5636B634A}.ReleaseWithoutAsm|Win32.ActiveCfg = Release|Win32
		{70796EE0-39B0-4C29-A5B4-F1F5636B634A}.ReleaseWithoutAsm|Win32.Build.0 = Release|Win32
		{ADBC3B51-20D8-471C-A9DF-D9E689FBC288}.Debug NoLauncher|Win32.ActiveCfg = Debug|Win32
		{ADBC3B51-20D8-471C-A9DF-D9E689FBC288}.Debug NoLauncher|Win32.Build.0 = Debug|Win32
		{ADBC3B51-20D8-471C-A9DF-D9E689FBC288}.Debug|Win32.ActiveCfg = Debug|Win32
		{ADBC3B51-20D8-471C-A9DF-D9E689FBC288}.Debug|Win32.Build.0 = Debug|Win32
		{ADBC3B51-20D8-471C-A9DF-D9E689FBC288}.DLL Debug|Win32.ActiveCfg = Debug|Win32
		{ADBC3B51-20D8-471C-A9DF-D9E689FBC288}.DLL Debug|Win32.Build.0 = Debug|Win32
		{ADBC3B51-20D8-471C-A9DF-D9E689FBC288}.DLL Release|Win32.ActiveCfg = Release|Win32
		{ADBC3B51-20D8-471C-A9DF-D9E689FBC288}.DLL Release|Win32.Build.0 = Release|Win32
		{ADBC3B51-20D8-471C-A9DF-D9E689FBC288}.LIB Debug|Win32.ActiveCfg = Debug|Win32
		{ADBC3B51-20D8-471C-A9DF-D9E689FBC288}.LIB Debug|Win32.Build.0 = Debug|Win32
		{ADBC3B51-20D8-471C-A9DF-D9E689FBC288}.LIB Release|Win32.ActiveCfg = Release|Win32
		{ADBC3B51-20D8-471C-A9DF-D9E689FBC288}.LIB Release|Win32.Build.0 = Release|Win32
		{ADBC3B51-20D8-471C-A9DF-D9E689FBC288}.Release NoLauncher|Win32.ActiveCfg = Release|Win32
		{ADBC3B51-20D8-471C-A9DF-D9E689FBC288}.Release NoLauncher|Win32.Build.0 = Release|Win32
		{ADBC3B51-20D8-471C-A9DF-D9E689FBC288}.Release|Win32.ActiveCfg = Release|Win32
		{ADBC3B51-20D8-471C-A9DF-D9E689FBC288}.Release|Win32.Build.0 = Release|Win32
		{ADBC3B51-20D8-471C-A9DF-D9E689FBC288}.ReleaseWithoutAsm|Win32.ActiveCfg = Release|Win32
		{ADBC3B51-20D8-471C-A9DF-D9E689FBC288}.ReleaseWithoutAsm|Win32.Build.0 = Release|Win32
		{F4FB21BD-0544-4270-B889-63A20163F71B}.Debug NoLauncher|Win32.ActiveCfg = Debug NoLauncher|Win32
		{F4FB21BD-0544-4270-B889-63A20163F71B}.Debug NoLauncher|Win32.Build.0 = Debug NoLauncher|Win32
		{F4FB21BD-0544-4270-B889-63A20163F71B}.Debug|Win32.ActiveCfg = Debug|Win32
		{F4FB21BD-0544-4270-B889-63A20163F71B}.Debug|Win32.Build.0 = Debug|Win32
		{F4FB21BD-0544-4270-B889-63A20163F71B}.DLL Debug|Win32.ActiveCfg = Debug|Win32
		{F4FB21BD-0544-4270-B889-63A20163F71B}.DLL Debug|Win32.Build.0 = Debug|Win32
		{F4FB21BD-0544-4270-B889-63A20163F71B}.DLL Release|Win32.ActiveCfg = Release|Win32
		{F4FB21BD-0544-4270-B889-63A20163F71B}.DLL Release|Win32.Build.0 = Release|Win32
		{F4FB21BD-0544-4270-B889-63A20163F71B}.LIB Debug|Win32.ActiveCfg = Debug|Win32
		{F4FB21BD-0544-4270-B889-63A20163F71B}.LIB Debug|Win32.Build.0 = Debug|Win32
		{F4FB21BD-0544-4270-B889-63A20163F71B}.LIB Release|Win32.ActiveCfg = Release|Win32
		{F4FB21BD-0544-4270-B889-63A20163F71B}.LIB Release|Win32.Build.0 = Release|Win32
		{F4FB21BD-0544-4270-B889-63A20163F71B}.Release NoLauncher|Win32.ActiveCfg = Release NoLauncher|Win32
		{F4FB21BD-0544-4270-B889-63A20163F71B}.Release NoLauncher|Win32.Build.0 = Release NoLauncher|Win32
		{F4FB21BD-0544-4270-B889-63A20163F71B}.Release|Win32.ActiveCfg = Release|Win32
		{F4FB21BD-0544-4270-B889-63A20163F71B}.Release|Win32.Build.0 = Release|Win32
		{F4FB21BD-0544-4270-B889-63A20163F71B}.ReleaseWithoutAsm|Win32.ActiveCfg = Release NoLauncher|Win32
		{F4FB21BD-0544-4270-B889-63A20163F71B}.ReleaseWithoutAsm|Win32.Build.0 = Release NoLauncher|Win32
		{B92E5984-8D2D-43E7-942D-98DB463A9B55}.Debug NoLauncher|Win32.ActiveCfg = Debug|Win32
		{B92E5984-8D2D-43E7-942D-98DB463A9B55}.Debug NoLauncher|Win32.Build.0 = Debug|Win32
		{B92E5984-8D2D-43E7-942D-98DB463A9B55}.Debug|Win32.ActiveCfg = Debug|Win32
		{B92E5984-8D2D-43E7-942D-98DB463A9B55}.Debug|Win32.Build.0 = Debug|Win32
		{B92E5984-8D2D-43E7-942D-98DB463A9B55}.DLL Debug|Win32.ActiveCfg = Debug|Win32
		{B92E5984-8D2D-43E7-942D-98DB463A9B55}.DLL Debug|Win32.Build.0 = Debug|Win32
		{B92E5984-8D2D-43E7-942D-98DB463A9B55}.DLL Release|Win32.ActiveCfg = Release|Win32
		{B92E5984-8D2D-43E7-942D-98DB463A9B55}.DLL Release|Win32.Build.0 = Release|Win32
		{B92E5984-8D2D-43E7-942D-98DB463A9B55}.LIB Debug|Win32.ActiveCfg = Debug|Win32
		{B92E5984-8D2D-43E7-942D-98DB463A9B55}.LIB Debug|Win32.Build.0 = Debug|Win32
		{B92E5984-8D2D-43E7-942D-98DB463A9B55}.LIB Release|Win32.ActiveCfg = Release|Win32
		{B92E5984-8D2D-43E7-942D-98DB463A9B55}.LIB Release|Win32.Build.0 = Release|Win32
		{B92E5984-8D2D-43E7-942D-98DB463A9B55}.Release NoLauncher|Win32.ActiveCfg = Release|Win32
		{B92E5984-8D2D-43E7-942D-98DB463A9B55}.Release NoLauncher|Win32.Build.0 = Release|Win32
		{B92E5984-8D2D-43E7-942D-98DB463A9B55}.Release|Win32.ActiveCfg = Release|Win32
		{B92E5984-8D2D-43E7-942D-98DB463A9B55}.Release|Win32.Build.0 = Release|Win32
		{B92E5984-8D2D-43E7-942D-98DB463A9B55}.ReleaseWithoutAsm|Win32.ActiveCfg = Release|Win32
		{B92E5984-8D2D-43E7-942D-98DB463A9B55}.ReleaseWithoutAsm|Win32.Build.0 = Release|Win32
		{F856AC2F-3872-43CE-8175-6D90402D7F28}.Debug NoLauncher|Win32.ActiveCfg = Debug|Win32
		{F856AC2F-3872-43CE-8175-6D90402D7F28}.Debug NoLauncher|Win32.Build.0 = Debug|Win32
		{F856AC2F-3872-43CE-8175-6D90402D7F28}.Debug|Win32.ActiveCfg = Debug|Win32
		{F856AC2F-3872-43CE-8175-6D90402D7F28}.Debug|Win32.Build.0 = Debug|Win32
		{F856AC2F-3872-43CE-8175-6D90402D7F28}.DLL Debug|Win32.ActiveCfg = Debug|Win32
		{F856AC2F-3872-43CE-8175-6D90402D7F28}.DLL Debug|Win32.Build.0 = Debug|Win32
		{F856AC2F-3872-43CE-8175-6D90402D7F28}.DLL Release|Win32.ActiveCfg = Release|Win32
		{F856AC2F-3872-43CE-8175-6D90402D7F28}.DLL Release|Win32.Build.0 = Release|Win32
		{F856AC2F-3872-43CE-8175-6D90402D7F28}.LIB Debug|Win32.ActiveCfg = Debug|Win32
		{F856AC2F-3872-43CE-8175-6D90402D7F28}.LIB Debug|Win32.Build.0 = Debug|Win32
		{F856AC2F-3872-43CE-8175-6D90402D7F28}.LIB Release|Win32.ActiveCfg = Release|Win32
		{F856AC2F-3872-43CE-8175-6D90402D7F28}.LIB Release|Win32.Build.0 = Release|Win32
		{F856AC2F-3872-43CE-8175-6D90402D7F28}.Release NoLauncher|Win32.ActiveCfg = Release|Win32
		{F856AC2F-3872-43CE-8175-6D90402D7F28}.Release NoLauncher|Win32.Build.0 = Release|Win32
		{F856AC2F-3872-43CE-8175-6D90402D7F28}.Release|Win32.ActiveCfg = Release|Win32
		{F856AC2F-3872-43CE-8175-6D90402D7F28}.Release|Win32.Build.0 = Release|Win32
		{F856AC2F-3872-43CE-8175-6D90402D7F28}.ReleaseWithoutAsm|Win32.ActiveCfg = Release|Win32
		{F856AC2F-3872-43CE-8175-6D90402D7F28}.ReleaseWithoutAsm|Win32.Build.0 = Release|Win32
	EndGlobalSection
	GlobalSection(SolutionProperties) = preSolution
		HideSolutionNode = FALSE
	EndGlobalSection
EndGlobal
