
Microsoft Visual Studio Solution File, Format Version 10.00
# Visual Studio 2008
Project("{8BC9CEB8-8B4A-11D0-8D11-00A0C91BC942}") = "CxImage", "CxImage\CxImage.vcproj", "{B362D677-DF8C-44D0-80A4-865590D4CA82}"
	ProjectSection(ProjectDependencies) = postProject
		{79FCFAF3-24D3-4D81-AFC9-B7DB7FA464DD} = {79FCFAF3-24D3-4D81-AFC9-B7DB7FA464DD}
	EndProjectSection
EndProject
Project("{8BC9CEB8-8B4A-11D0-8D11-00A0C91BC942}") = "J2k", "J2k\J2k.vcproj", "{3DA2F57E-C1A5-4EDF-89CD-5D08683ACD13}"
EndProject
Project("{8BC9CEB8-8B4A-11D0-8D11-00A0C91BC942}") = "Jasper", "Jasper\Jasper.vcproj", "{2786EC82-8C05-4FC9-AA26-11432AEF2DBB}"
EndProject
Project("{8BC9CEB8-8B4A-11D0-8D11-00A0C91BC942}") = "Jbig", "Jbig\Jbig.vcproj", "{7E973546-5579-4797-8DDC-01405B2E14BB}"
EndProject
Project("{8BC9CEB8-8B4A-11D0-8D11-00A0C91BC942}") = "Jpeg", "Jpeg\Jpeg.vcproj", "{4BB16E10-5E82-4FC6-95CE-1D6EDAE96B5F}"
EndProject
Project("{8BC9CEB8-8B4A-11D0-8D11-00A0C91BC942}") = "Jwsmtp", "Jwsmtp\Jwsmtp.vcproj", "{86AD7B51-8041-4DAF-BE47-3112281AC26F}"
EndProject
Project("{8BC9CEB8-8B4A-11D0-8D11-00A0C91BC942}") = "Tiff", "Tiff\Tiff.vcproj", "{93364939-AC63-4A14-ACB8-5FE63CA1C251}"
	ProjectSection(ProjectDependencies) = postProject
		{4BB16E10-5E82-4FC6-95CE-1D6EDAE96B5F} = {4BB16E10-5E82-4FC6-95CE-1D6EDAE96B5F}
	EndProjectSection
EndProject
Project("{8BC9CEB8-8B4A-11D0-8D11-00A0C91BC942}") = "Png", "Png\Png.vcproj", "{79FCFAF3-24D3-4D81-AFC9-B7DB7FA464DD}"
EndProject
Project("{8BC9CEB8-8B4A-11D0-8D11-00A0C91BC942}") = "Log4cpp", "Log4cpp\Log4cpp.vcproj", "{F856AC2F-3872-43CE-8175-6D90402D7F28}"
EndProject
Project("{8BC9CEB8-8B4A-11D0-8D11-00A0C91BC942}") = "Tolua++", "Tolua++\tolua++.vcproj", "{25418CD4-AE52-4BF7-A466-BA132D4F2AFF}"
	ProjectSection(ProjectDependencies) = postProject
		{AA75B895-9958-4D71-9419-D86946478CAA} = {AA75B895-9958-4D71-9419-D86946478CAA}
	EndProjectSection
EndProject
Project("{8BC9CEB8-8B4A-11D0-8D11-00A0C91BC942}") = "XmlRpc", "XmlRpc\XmlRpc.vcproj", "{50DF6A4B-10A9-4838-B7F2-1D42AACC8FDA}"
EndProject
Project("{8BC9CEB8-8B4A-11D0-8D11-00A0C91BC942}") = "ZipArchive", "ZipArchive\ZipArchive.vcproj", "{3559A331-1E8F-4FB4-B183-6146EFD399FA}"
EndProject
Project("{8BC9CEB8-8B4A-11D0-8D11-00A0C91BC942}") = "Luaplus", "Luaplus\Luaplus.vcproj", "{AA75B895-9958-4D71-9419-D86946478CAA}"
EndProject
Project("{8BC9CEB8-8B4A-11D0-8D11-00A0C91BC942}") = "Browser", "Browser\Browser.vcproj", "{35E2061E-2D4A-4E36-B43D-6BB377EC6F89}"
EndProject
Project("{8BC9CEB8-8B4A-11D0-8D11-00A0C91BC942}") = "MeCommon", "MeCommon\MeCommon.vcproj", "{46A36B44-0FC1-4244-9D43-FD4449756E64}"
EndProject
Project("{8BC9CEB8-8B4A-11D0-8D11-00A0C91BC942}") = "Launcher", "Launcher\Launcher.vcproj", "{B92E5984-8D2D-43E7-942D-98DB463A9B55}"
	ProjectSection(ProjectDependencies) = postProject
		{57C401AD-8E91-4FDC-B9FA-545B230AE401} = {57C401AD-8E91-4FDC-B9FA-545B230AE401}
		{F856AC2F-3872-43CE-8175-6D90402D7F28} = {F856AC2F-3872-43CE-8175-6D90402D7F28}
	EndProjectSection
EndProject
Project("{8BC9CEB8-8B4A-11D0-8D11-00A0C91BC942}") = "Cipher", "Cipher\Cipher.vcproj", "{F4FB21BD-0544-4270-B889-63A20163F71B}"
EndProject
Project("{8BC9CEB8-8B4A-11D0-8D11-00A0C91BC942}") = "MeUtility", "MeUtility\MeUtility.vcproj", "{57C401AD-8E91-4FDC-B9FA-545B230AE401}"
	ProjectSection(ProjectDependencies) = postProject
		{25418CD4-AE52-4BF7-A466-BA132D4F2AFF} = {25418CD4-AE52-4BF7-A466-BA132D4F2AFF}
		{AA75B895-9958-4D71-9419-D86946478CAA} = {AA75B895-9958-4D71-9419-D86946478CAA}
	EndProjectSection
EndProject
Project("{8BC9CEB8-8B4A-11D0-8D11-00A0C91BC942}") = "RapidXml", "RapidXml\RapidXml.vcproj", "{4EADAD66-48DE-419A-9147-00F19F8955E4}"
EndProject
Project("{8BC9CEB8-8B4A-11D0-8D11-00A0C91BC942}") = "7z", "7z\7z.vcproj", "{2615B04F-889C-4870-9FE1-73040271FA94}"
EndProject
Project("{8BC9CEB8-8B4A-11D0-8D11-00A0C91BC942}") = "zlib", "zlib-1.2.3\projects\visualc6\zlib.vcproj", "{86B923B4-81D4-4006-BDE4-F2A3833694DD}"
EndProject
Project("{8BC9CEB8-8B4A-11D0-8D11-00A0C91BC942}") = "network", "network\network.vcproj", "{CB583C72-DDA2-4F0B-9838-21F853F4CF3A}"
EndProject
Global
	GlobalSection(SourceCodeControl) = preSolution
		SccNumberOfProjects = 22
		SccLocalPath0 = .
		SccProjectUniqueName1 = 7z\\7z.vcproj
		SccLocalPath1 = .
		SccProjectFilePathRelativizedFromConnection1 = 7z\\
		SccProjectUniqueName2 = zlib-1.2.3\\projects\\visualc6\\zlib.vcproj
		SccLocalPath2 = .
		SccProjectFilePathRelativizedFromConnection2 = zlib-1.2.3\\projects\\visualc6\\
		SccProjectUniqueName3 = XmlRpc\\XmlRpc.vcproj
		SccLocalPath3 = .
		SccProjectFilePathRelativizedFromConnection3 = XmlRpc\\
		SccProjectUniqueName4 = ZipArchive\\ZipArchive.vcproj
		SccLocalPath4 = .
		SccProjectFilePathRelativizedFromConnection4 = ZipArchive\\
		SccProjectUniqueName5 = Jasper\\Jasper.vcproj
		SccLocalPath5 = .
		SccProjectFilePathRelativizedFromConnection5 = Jasper\\
		SccProjectUniqueName6 = Luaplus\\Luaplus.vcproj
		SccLocalPath6 = .
		SccProjectFilePathRelativizedFromConnection6 = Luaplus\\
		SccProjectUniqueName7 = Jpeg\\Jpeg.vcproj
		SccLocalPath7 = .
		SccProjectFilePathRelativizedFromConnection7 = Jpeg\\
		SccProjectUniqueName8 = Browser\\Browser.vcproj
		SccLocalPath8 = .
		SccProjectFilePathRelativizedFromConnection8 = Browser\\
		SccProjectUniqueName9 = Tiff\\Tiff.vcproj
		SccLocalPath9 = .
		SccProjectFilePathRelativizedFromConnection9 = Tiff\\
		SccProjectUniqueName10 = MeCommon\\MeCommon.vcproj
		SccLocalPath10 = .
		SccProjectFilePathRelativizedFromConnection10 = MeCommon\\
		SccProjectUniqueName11 = Log4cpp\\Log4cpp.vcproj
		SccLocalPath11 = .
		SccProjectFilePathRelativizedFromConnection11 = Log4cpp\\
		SccProjectUniqueName12 = Launcher\\Launcher.vcproj
		SccLocalPath12 = .
		SccProjectFilePathRelativizedFromConnection12 = Launcher\\
		SccProjectUniqueName13 = J2k\\J2k.vcproj
		SccLocalPath13 = .
		SccProjectFilePathRelativizedFromConnection13 = J2k\\
		SccProjectUniqueName14 = Cipher\\Cipher.vcproj
		SccLocalPath14 = .
		SccProjectFilePathRelativizedFromConnection14 = Cipher\\
		SccProjectUniqueName15 = Tolua++\\tolua++.vcproj
		SccLocalPath15 = .
		SccProjectFilePathRelativizedFromConnection15 = Tolua++\\
		SccProjectUniqueName16 = Jbig\\Jbig.vcproj
		SccLocalPath16 = .
		SccProjectFilePathRelativizedFromConnection16 = Jbig\\
		SccProjectUniqueName17 = Png\\Png.vcproj
		SccLocalPath17 = .
		SccProjectFilePathRelativizedFromConnection17 = Png\\
		SccProjectUniqueName18 = MeUtility\\MeUtility.vcproj
		SccLocalPath18 = .
		SccProjectFilePathRelativizedFromConnection18 = MeUtility\\
		SccProjectUniqueName19 = RapidXml\\RapidXml.vcproj
		SccLocalPath19 = .
		SccProjectFilePathRelativizedFromConnection19 = RapidXml\\
		SccProjectUniqueName20 = CxImage\\CxImage.vcproj
		SccLocalPath20 = .
		SccProjectFilePathRelativizedFromConnection20 = CxImage\\
		SccProjectUniqueName21 = Jwsmtp\\Jwsmtp.vcproj
		SccLocalPath21 = .
		SccProjectFilePathRelativizedFromConnection21 = Jwsmtp\\
	EndGlobalSection
	GlobalSection(SolutionConfigurationPlatforms) = preSolution
		Debug NoLauncher|Win32 = Debug NoLauncher|Win32
		Debug|Win32 = Debug|Win32
		DLL ASM Debug|Win32 = DLL ASM Debug|Win32
		DLL ASM Release|Win32 = DLL ASM Release|Win32
		DLL Debug|Win32 = DLL Debug|Win32
		DLL Release|Win32 = DLL Release|Win32
		LIB ASM Debug|Win32 = LIB ASM Debug|Win32
		LIB ASM Release|Win32 = LIB ASM Release|Win32
		LIB Debug|Win32 = LIB Debug|Win32
		LIB Release|Win32 = LIB Release|Win32
		Release NoLauncher|Win32 = Release NoLauncher|Win32
		Release|Win32 = Release|Win32
	EndGlobalSection
	GlobalSection(ProjectConfigurationPlatforms) = postSolution
		{B362D677-DF8C-44D0-80A4-865590D4CA82}.Debug NoLauncher|Win32.ActiveCfg = Debug|Win32
		{B362D677-DF8C-44D0-80A4-865590D4CA82}.Debug NoLauncher|Win32.Build.0 = Debug|Win32
		{B362D677-DF8C-44D0-80A4-865590D4CA82}.Debug|Win32.ActiveCfg = Debug|Win32
		{B362D677-DF8C-44D0-80A4-865590D4CA82}.Debug|Win32.Build.0 = Debug|Win32
		{B362D677-DF8C-44D0-80A4-865590D4CA82}.DLL ASM Debug|Win32.ActiveCfg = Debug|Win32
		{B362D677-DF8C-44D0-80A4-865590D4CA82}.DLL ASM Debug|Win32.Build.0 = Debug|Win32
		{B362D677-DF8C-44D0-80A4-865590D4CA82}.DLL ASM Release|Win32.ActiveCfg = Release|Win32
		{B362D677-DF8C-44D0-80A4-865590D4CA82}.DLL ASM Release|Win32.Build.0 = Release|Win32
		{B362D677-DF8C-44D0-80A4-865590D4CA82}.DLL Debug|Win32.ActiveCfg = Debug|Win32
		{B362D677-DF8C-44D0-80A4-865590D4CA82}.DLL Debug|Win32.Build.0 = Debug|Win32
		{B362D677-DF8C-44D0-80A4-865590D4CA82}.DLL Release|Win32.ActiveCfg = Release|Win32
		{B362D677-DF8C-44D0-80A4-865590D4CA82}.DLL Release|Win32.Build.0 = Release|Win32
		{B362D677-DF8C-44D0-80A4-865590D4CA82}.LIB ASM Debug|Win32.ActiveCfg = Debug|Win32
		{B362D677-DF8C-44D0-80A4-865590D4CA82}.LIB ASM Debug|Win32.Build.0 = Debug|Win32
		{B362D677-DF8C-44D0-80A4-865590D4CA82}.LIB ASM Release|Win32.ActiveCfg = Release|Win32
		{B362D677-DF8C-44D0-80A4-865590D4CA82}.LIB ASM Release|Win32.Build.0 = Release|Win32
		{B362D677-DF8C-44D0-80A4-865590D4CA82}.LIB Debug|Win32.ActiveCfg = Debug|Win32
		{B362D677-DF8C-44D0-80A4-865590D4CA82}.LIB Debug|Win32.Build.0 = Debug|Win32
		{B362D677-DF8C-44D0-80A4-865590D4CA82}.LIB Release|Win32.ActiveCfg = Release|Win32
		{B362D677-DF8C-44D0-80A4-865590D4CA82}.LIB Release|Win32.Build.0 = Release|Win32
		{B362D677-DF8C-44D0-80A4-865590D4CA82}.Release NoLauncher|Win32.ActiveCfg = Release|Win32
		{B362D677-DF8C-44D0-80A4-865590D4CA82}.Release NoLauncher|Win32.Build.0 = Release|Win32
		{B362D677-DF8C-44D0-80A4-865590D4CA82}.Release|Win32.ActiveCfg = Release|Win32
		{B362D677-DF8C-44D0-80A4-865590D4CA82}.Release|Win32.Build.0 = Release|Win32
		{3DA2F57E-C1A5-4EDF-89CD-5D08683ACD13}.Debug NoLauncher|Win32.ActiveCfg = Debug|Win32
		{3DA2F57E-C1A5-4EDF-89CD-5D08683ACD13}.Debug NoLauncher|Win32.Build.0 = Debug|Win32
		{3DA2F57E-C1A5-4EDF-89CD-5D08683ACD13}.Debug|Win32.ActiveCfg = Debug|Win32
		{3DA2F57E-C1A5-4EDF-89CD-5D08683ACD13}.Debug|Win32.Build.0 = Debug|Win32
		{3DA2F57E-C1A5-4EDF-89CD-5D08683ACD13}.DLL ASM Debug|Win32.ActiveCfg = Debug|Win32
		{3DA2F57E-C1A5-4EDF-89CD-5D08683ACD13}.DLL ASM Debug|Win32.Build.0 = Debug|Win32
		{3DA2F57E-C1A5-4EDF-89CD-5D08683ACD13}.DLL ASM Release|Win32.ActiveCfg = Release|Win32
		{3DA2F57E-C1A5-4EDF-89CD-5D08683ACD13}.DLL ASM Release|Win32.Build.0 = Release|Win32
		{3DA2F57E-C1A5-4EDF-89CD-5D08683ACD13}.DLL Debug|Win32.ActiveCfg = Debug|Win32
		{3DA2F57E-C1A5-4EDF-89CD-5D08683ACD13}.DLL Debug|Win32.Build.0 = Debug|Win32
		{3DA2F57E-C1A5-4EDF-89CD-5D08683ACD13}.DLL Release|Win32.ActiveCfg = Release|Win32
		{3DA2F57E-C1A5-4EDF-89CD-5D08683ACD13}.DLL Release|Win32.Build.0 = Release|Win32
		{3DA2F57E-C1A5-4EDF-89CD-5D08683ACD13}.LIB ASM Debug|Win32.ActiveCfg = Debug|Win32
		{3DA2F57E-C1A5-4EDF-89CD-5D08683ACD13}.LIB ASM Debug|Win32.Build.0 = Debug|Win32
		{3DA2F57E-C1A5-4EDF-89CD-5D08683ACD13}.LIB ASM Release|Win32.ActiveCfg = Release|Win32
		{3DA2F57E-C1A5-4EDF-89CD-5D08683ACD13}.LIB ASM Release|Win32.Build.0 = Release|Win32
		{3DA2F57E-C1A5-4EDF-89CD-5D08683ACD13}.LIB Debug|Win32.ActiveCfg = Debug|Win32
		{3DA2F57E-C1A5-4EDF-89CD-5D08683ACD13}.LIB Debug|Win32.Build.0 = Debug|Win32
		{3DA2F57E-C1A5-4EDF-89CD-5D08683ACD13}.LIB Release|Win32.ActiveCfg = Release|Win32
		{3DA2F57E-C1A5-4EDF-89CD-5D08683ACD13}.LIB Release|Win32.Build.0 = Release|Win32
		{3DA2F57E-C1A5-4EDF-89CD-5D08683ACD13}.Release NoLauncher|Win32.ActiveCfg = Release|Win32
		{3DA2F57E-C1A5-4EDF-89CD-5D08683ACD13}.Release NoLauncher|Win32.Build.0 = Release|Win32
		{3DA2F57E-C1A5-4EDF-89CD-5D08683ACD13}.Release|Win32.ActiveCfg = Release|Win32
		{3DA2F57E-C1A5-4EDF-89CD-5D08683ACD13}.Release|Win32.Build.0 = Release|Win32
		{2786EC82-8C05-4FC9-AA26-11432AEF2DBB}.Debug NoLauncher|Win32.ActiveCfg = Debug|Win32
		{2786EC82-8C05-4FC9-AA26-11432AEF2DBB}.Debug NoLauncher|Win32.Build.0 = Debug|Win32
		{2786EC82-8C05-4FC9-AA26-11432AEF2DBB}.Debug|Win32.ActiveCfg = Debug|Win32
		{2786EC82-8C05-4FC9-AA26-11432AEF2DBB}.Debug|Win32.Build.0 = Debug|Win32
		{2786EC82-8C05-4FC9-AA26-11432AEF2DBB}.DLL ASM Debug|Win32.ActiveCfg = Debug|Win32
		{2786EC82-8C05-4FC9-AA26-11432AEF2DBB}.DLL ASM Debug|Win32.Build.0 = Debug|Win32
		{2786EC82-8C05-4FC9-AA26-11432AEF2DBB}.DLL ASM Release|Win32.ActiveCfg = Release|Win32
		{2786EC82-8C05-4FC9-AA26-11432AEF2DBB}.DLL ASM Release|Win32.Build.0 = Release|Win32
		{2786EC82-8C05-4FC9-AA26-11432AEF2DBB}.DLL Debug|Win32.ActiveCfg = Debug|Win32
		{2786EC82-8C05-4FC9-AA26-11432AEF2DBB}.DLL Debug|Win32.Build.0 = Debug|Win32
		{2786EC82-8C05-4FC9-AA26-11432AEF2DBB}.DLL Release|Win32.ActiveCfg = Release|Win32
		{2786EC82-8C05-4FC9-AA26-11432AEF2DBB}.DLL Release|Win32.Build.0 = Release|Win32
		{2786EC82-8C05-4FC9-AA26-11432AEF2DBB}.LIB ASM Debug|Win32.ActiveCfg = Debug|Win32
		{2786EC82-8C05-4FC9-AA26-11432AEF2DBB}.LIB ASM Debug|Win32.Build.0 = Debug|Win32
		{2786EC82-8C05-4FC9-AA26-11432AEF2DBB}.LIB ASM Release|Win32.ActiveCfg = Release|Win32
		{2786EC82-8C05-4FC9-AA26-11432AEF2DBB}.LIB ASM Release|Win32.Build.0 = Release|Win32
		{2786EC82-8C05-4FC9-AA26-11432AEF2DBB}.LIB Debug|Win32.ActiveCfg = Debug|Win32
		{2786EC82-8C05-4FC9-AA26-11432AEF2DBB}.LIB Debug|Win32.Build.0 = Debug|Win32
		{2786EC82-8C05-4FC9-AA26-11432AEF2DBB}.LIB Release|Win32.ActiveCfg = Release|Win32
		{2786EC82-8C05-4FC9-AA26-11432AEF2DBB}.LIB Release|Win32.Build.0 = Release|Win32
		{2786EC82-8C05-4FC9-AA26-11432AEF2DBB}.Release NoLauncher|Win32.ActiveCfg = Release|Win32
		{2786EC82-8C05-4FC9-AA26-11432AEF2DBB}.Release NoLauncher|Win32.Build.0 = Release|Win32
		{2786EC82-8C05-4FC9-AA26-11432AEF2DBB}.Release|Win32.ActiveCfg = Release|Win32
		{2786EC82-8C05-4FC9-AA26-11432AEF2DBB}.Release|Win32.Build.0 = Release|Win32
		{7E973546-5579-4797-8DDC-01405B2E14BB}.Debug NoLauncher|Win32.ActiveCfg = Debug|Win32
		{7E973546-5579-4797-8DDC-01405B2E14BB}.Debug NoLauncher|Win32.Build.0 = Debug|Win32
		{7E973546-5579-4797-8DDC-01405B2E14BB}.Debug|Win32.ActiveCfg = Debug|Win32
		{7E973546-5579-4797-8DDC-01405B2E14BB}.Debug|Win32.Build.0 = Debug|Win32
		{7E973546-5579-4797-8DDC-01405B2E14BB}.DLL ASM Debug|Win32.ActiveCfg = Debug|Win32
		{7E973546-5579-4797-8DDC-01405B2E14BB}.DLL ASM Debug|Win32.Build.0 = Debug|Win32
		{7E973546-5579-4797-8DDC-01405B2E14BB}.DLL ASM Release|Win32.ActiveCfg = Release|Win32
		{7E973546-5579-4797-8DDC-01405B2E14BB}.DLL ASM Release|Win32.Build.0 = Release|Win32
		{7E973546-5579-4797-8DDC-01405B2E14BB}.DLL Debug|Win32.ActiveCfg = Debug|Win32
		{7E973546-5579-4797-8DDC-01405B2E14BB}.DLL Debug|Win32.Build.0 = Debug|Win32
		{7E973546-5579-4797-8DDC-01405B2E14BB}.DLL Release|Win32.ActiveCfg = Release|Win32
		{7E973546-5579-4797-8DDC-01405B2E14BB}.DLL Release|Win32.Build.0 = Release|Win32
		{7E973546-5579-4797-8DDC-01405B2E14BB}.LIB ASM Debug|Win32.ActiveCfg = Debug|Win32
		{7E973546-5579-4797-8DDC-01405B2E14BB}.LIB ASM Debug|Win32.Build.0 = Debug|Win32
		{7E973546-5579-4797-8DDC-01405B2E14BB}.LIB ASM Release|Win32.ActiveCfg = Release|Win32
		{7E973546-5579-4797-8DDC-01405B2E14BB}.LIB ASM Release|Win32.Build.0 = Release|Win32
		{7E973546-5579-4797-8DDC-01405B2E14BB}.LIB Debug|Win32.ActiveCfg = Debug|Win32
		{7E973546-5579-4797-8DDC-01405B2E14BB}.LIB Debug|Win32.Build.0 = Debug|Win32
		{7E973546-5579-4797-8DDC-01405B2E14BB}.LIB Release|Win32.ActiveCfg = Release|Win32
		{7E973546-5579-4797-8DDC-01405B2E14BB}.LIB Release|Win32.Build.0 = Release|Win32
		{7E973546-5579-4797-8DDC-01405B2E14BB}.Release NoLauncher|Win32.ActiveCfg = Release|Win32
		{7E973546-5579-4797-8DDC-01405B2E14BB}.Release NoLauncher|Win32.Build.0 = Release|Win32
		{7E973546-5579-4797-8DDC-01405B2E14BB}.Release|Win32.ActiveCfg = Release|Win32
		{7E973546-5579-4797-8DDC-01405B2E14BB}.Release|Win32.Build.0 = Release|Win32
		{4BB16E10-5E82-4FC6-95CE-1D6EDAE96B5F}.Debug NoLauncher|Win32.ActiveCfg = Debug|Win32
		{4BB16E10-5E82-4FC6-95CE-1D6EDAE96B5F}.Debug NoLauncher|Win32.Build.0 = Debug|Win32
		{4BB16E10-5E82-4FC6-95CE-1D6EDAE96B5F}.Debug|Win32.ActiveCfg = Debug|Win32
		{4BB16E10-5E82-4FC6-95CE-1D6EDAE96B5F}.Debug|Win32.Build.0 = Debug|Win32
		{4BB16E10-5E82-4FC6-95CE-1D6EDAE96B5F}.DLL ASM Debug|Win32.ActiveCfg = Debug|Win32
		{4BB16E10-5E82-4FC6-95CE-1D6EDAE96B5F}.DLL ASM Debug|Win32.Build.0 = Debug|Win32
		{4BB16E10-5E82-4FC6-95CE-1D6EDAE96B5F}.DLL ASM Release|Win32.ActiveCfg = Release|Win32
		{4BB16E10-5E82-4FC6-95CE-1D6EDAE96B5F}.DLL ASM Release|Win32.Build.0 = Release|Win32
		{4BB16E10-5E82-4FC6-95CE-1D6EDAE96B5F}.DLL Debug|Win32.ActiveCfg = Debug|Win32
		{4BB16E10-5E82-4FC6-95CE-1D6EDAE96B5F}.DLL Debug|Win32.Build.0 = Debug|Win32
		{4BB16E10-5E82-4FC6-95CE-1D6EDAE96B5F}.DLL Release|Win32.ActiveCfg = Release|Win32
		{4BB16E10-5E82-4FC6-95CE-1D6EDAE96B5F}.DLL Release|Win32.Build.0 = Release|Win32
		{4BB16E10-5E82-4FC6-95CE-1D6EDAE96B5F}.LIB ASM Debug|Win32.ActiveCfg = Debug|Win32
		{4BB16E10-5E82-4FC6-95CE-1D6EDAE96B5F}.LIB ASM Debug|Win32.Build.0 = Debug|Win32
		{4BB16E10-5E82-4FC6-95CE-1D6EDAE96B5F}.LIB ASM Release|Win32.ActiveCfg = Release|Win32
		{4BB16E10-5E82-4FC6-95CE-1D6EDAE96B5F}.LIB ASM Release|Win32.Build.0 = Release|Win32
		{4BB16E10-5E82-4FC6-95CE-1D6EDAE96B5F}.LIB Debug|Win32.ActiveCfg = Debug|Win32
		{4BB16E10-5E82-4FC6-95CE-1D6EDAE96B5F}.LIB Debug|Win32.Build.0 = Debug|Win32
		{4BB16E10-5E82-4FC6-95CE-1D6EDAE96B5F}.LIB Release|Win32.ActiveCfg = Release|Win32
		{4BB16E10-5E82-4FC6-95CE-1D6EDAE96B5F}.LIB Release|Win32.Build.0 = Release|Win32
		{4BB16E10-5E82-4FC6-95CE-1D6EDAE96B5F}.Release NoLauncher|Win32.ActiveCfg = Release|Win32
		{4BB16E10-5E82-4FC6-95CE-1D6EDAE96B5F}.Release NoLauncher|Win32.Build.0 = Release|Win32
		{4BB16E10-5E82-4FC6-95CE-1D6EDAE96B5F}.Release|Win32.ActiveCfg = Release|Win32
		{4BB16E10-5E82-4FC6-95CE-1D6EDAE96B5F}.Release|Win32.Build.0 = Release|Win32
		{86AD7B51-8041-4DAF-BE47-3112281AC26F}.Debug NoLauncher|Win32.ActiveCfg = Debug|Win32
		{86AD7B51-8041-4DAF-BE47-3112281AC26F}.Debug NoLauncher|Win32.Build.0 = Debug|Win32
		{86AD7B51-8041-4DAF-BE47-3112281AC26F}.Debug|Win32.ActiveCfg = Debug|Win32
		{86AD7B51-8041-4DAF-BE47-3112281AC26F}.Debug|Win32.Build.0 = Debug|Win32
		{86AD7B51-8041-4DAF-BE47-3112281AC26F}.DLL ASM Debug|Win32.ActiveCfg = Debug|Win32
		{86AD7B51-8041-4DAF-BE47-3112281AC26F}.DLL ASM Debug|Win32.Build.0 = Debug|Win32
		{86AD7B51-8041-4DAF-BE47-3112281AC26F}.DLL ASM Release|Win32.ActiveCfg = Release|Win32
		{86AD7B51-8041-4DAF-BE47-3112281AC26F}.DLL ASM Release|Win32.Build.0 = Release|Win32
		{86AD7B51-8041-4DAF-BE47-3112281AC26F}.DLL Debug|Win32.ActiveCfg = Debug|Win32
		{86AD7B51-8041-4DAF-BE47-3112281AC26F}.DLL Debug|Win32.Build.0 = Debug|Win32
		{86AD7B51-8041-4DAF-BE47-3112281AC26F}.DLL Release|Win32.ActiveCfg = Release|Win32
		{86AD7B51-8041-4DAF-BE47-3112281AC26F}.DLL Release|Win32.Build.0 = Release|Win32
		{86AD7B51-8041-4DAF-BE47-3112281AC26F}.LIB ASM Debug|Win32.ActiveCfg = Debug|Win32
		{86AD7B51-8041-4DAF-BE47-3112281AC26F}.LIB ASM Debug|Win32.Build.0 = Debug|Win32
		{86AD7B51-8041-4DAF-BE47-3112281AC26F}.LIB ASM Release|Win32.ActiveCfg = Release|Win32
		{86AD7B51-8041-4DAF-BE47-3112281AC26F}.LIB ASM Release|Win32.Build.0 = Release|Win32
		{86AD7B51-8041-4DAF-BE47-3112281AC26F}.LIB Debug|Win32.ActiveCfg = Debug|Win32
		{86AD7B51-8041-4DAF-BE47-3112281AC26F}.LIB Debug|Win32.Build.0 = Debug|Win32
		{86AD7B51-8041-4DAF-BE47-3112281AC26F}.LIB Release|Win32.ActiveCfg = Release|Win32
		{86AD7B51-8041-4DAF-BE47-3112281AC26F}.LIB Release|Win32.Build.0 = Release|Win32
		{86AD7B51-8041-4DAF-BE47-3112281AC26F}.Release NoLauncher|Win32.ActiveCfg = Release|Win32
		{86AD7B51-8041-4DAF-BE47-3112281AC26F}.Release NoLauncher|Win32.Build.0 = Release|Win32
		{86AD7B51-8041-4DAF-BE47-3112281AC26F}.Release|Win32.ActiveCfg = Release|Win32
		{86AD7B51-8041-4DAF-BE47-3112281AC26F}.Release|Win32.Build.0 = Release|Win32
		{93364939-AC63-4A14-ACB8-5FE63CA1C251}.Debug NoLauncher|Win32.ActiveCfg = Debug|Win32
		{93364939-AC63-4A14-ACB8-5FE63CA1C251}.Debug NoLauncher|Win32.Build.0 = Debug|Win32
		{93364939-AC63-4A14-ACB8-5FE63CA1C251}.Debug|Win32.ActiveCfg = Debug|Win32
		{93364939-AC63-4A14-ACB8-5FE63CA1C251}.Debug|Win32.Build.0 = Debug|Win32
		{93364939-AC63-4A14-ACB8-5FE63CA1C251}.DLL ASM Debug|Win32.ActiveCfg = Debug|Win32
		{93364939-AC63-4A14-ACB8-5FE63CA1C251}.DLL ASM Debug|Win32.Build.0 = Debug|Win32
		{93364939-AC63-4A14-ACB8-5FE63CA1C251}.DLL ASM Release|Win32.ActiveCfg = Release|Win32
		{93364939-AC63-4A14-ACB8-5FE63CA1C251}.DLL ASM Release|Win32.Build.0 = Release|Win32
		{93364939-AC63-4A14-ACB8-5FE63CA1C251}.DLL Debug|Win32.ActiveCfg = Debug|Win32
		{93364939-AC63-4A14-ACB8-5FE63CA1C251}.DLL Debug|Win32.Build.0 = Debug|Win32
		{93364939-AC63-4A14-ACB8-5FE63CA1C251}.DLL Release|Win32.ActiveCfg = Release|Win32
		{93364939-AC63-4A14-ACB8-5FE63CA1C251}.DLL Release|Win32.Build.0 = Release|Win32
		{93364939-AC63-4A14-ACB8-5FE63CA1C251}.LIB ASM Debug|Win32.ActiveCfg = Debug|Win32
		{93364939-AC63-4A14-ACB8-5FE63CA1C251}.LIB ASM Debug|Win32.Build.0 = Debug|Win32
		{93364939-AC63-4A14-ACB8-5FE63CA1C251}.LIB ASM Release|Win32.ActiveCfg = Release|Win32
		{93364939-AC63-4A14-ACB8-5FE63CA1C251}.LIB ASM Release|Win32.Build.0 = Release|Win32
		{93364939-AC63-4A14-ACB8-5FE63CA1C251}.LIB Debug|Win32.ActiveCfg = Debug|Win32
		{93364939-AC63-4A14-ACB8-5FE63CA1C251}.LIB Debug|Win32.Build.0 = Debug|Win32
		{93364939-AC63-4A14-ACB8-5FE63CA1C251}.LIB Release|Win32.ActiveCfg = Release|Win32
		{93364939-AC63-4A14-ACB8-5FE63CA1C251}.LIB Release|Win32.Build.0 = Release|Win32
		{93364939-AC63-4A14-ACB8-5FE63CA1C251}.Release NoLauncher|Win32.ActiveCfg = Release|Win32
		{93364939-AC63-4A14-ACB8-5FE63CA1C251}.Release NoLauncher|Win32.Build.0 = Release|Win32
		{93364939-AC63-4A14-ACB8-5FE63CA1C251}.Release|Win32.ActiveCfg = Release|Win32
		{93364939-AC63-4A14-ACB8-5FE63CA1C251}.Release|Win32.Build.0 = Release|Win32
		{79FCFAF3-24D3-4D81-AFC9-B7DB7FA464DD}.Debug NoLauncher|Win32.ActiveCfg = Debug|Win32
		{79FCFAF3-24D3-4D81-AFC9-B7DB7FA464DD}.Debug NoLauncher|Win32.Build.0 = Debug|Win32
		{79FCFAF3-24D3-4D81-AFC9-B7DB7FA464DD}.Debug|Win32.ActiveCfg = Debug|Win32
		{79FCFAF3-24D3-4D81-AFC9-B7DB7FA464DD}.Debug|Win32.Build.0 = Debug|Win32
		{79FCFAF3-24D3-4D81-AFC9-B7DB7FA464DD}.DLL ASM Debug|Win32.ActiveCfg = Debug|Win32
		{79FCFAF3-24D3-4D81-AFC9-B7DB7FA464DD}.DLL ASM Debug|Win32.Build.0 = Debug|Win32
		{79FCFAF3-24D3-4D81-AFC9-B7DB7FA464DD}.DLL ASM Release|Win32.ActiveCfg = Release|Win32
		{79FCFAF3-24D3-4D81-AFC9-B7DB7FA464DD}.DLL ASM Release|Win32.Build.0 = Release|Win32
		{79FCFAF3-24D3-4D81-AFC9-B7DB7FA464DD}.DLL Debug|Win32.ActiveCfg = Debug|Win32
		{79FCFAF3-24D3-4D81-AFC9-B7DB7FA464DD}.DLL Debug|Win32.Build.0 = Debug|Win32
		{79FCFAF3-24D3-4D81-AFC9-B7DB7FA464DD}.DLL Release|Win32.ActiveCfg = Release|Win32
		{79FCFAF3-24D3-4D81-AFC9-B7DB7FA464DD}.DLL Release|Win32.Build.0 = Release|Win32
		{79FCFAF3-24D3-4D81-AFC9-B7DB7FA464DD}.LIB ASM Debug|Win32.ActiveCfg = Debug|Win32
		{79FCFAF3-24D3-4D81-AFC9-B7DB7FA464DD}.LIB ASM Debug|Win32.Build.0 = Debug|Win32
		{79FCFAF3-24D3-4D81-AFC9-B7DB7FA464DD}.LIB ASM Release|Win32.ActiveCfg = Release|Win32
		{79FCFAF3-24D3-4D81-AFC9-B7DB7FA464DD}.LIB ASM Release|Win32.Build.0 = Release|Win32
		{79FCFAF3-24D3-4D81-AFC9-B7DB7FA464DD}.LIB Debug|Win32.ActiveCfg = Debug|Win32
		{79FCFAF3-24D3-4D81-AFC9-B7DB7FA464DD}.LIB Debug|Win32.Build.0 = Debug|Win32
		{79FCFAF3-24D3-4D81-AFC9-B7DB7FA464DD}.LIB Release|Win32.ActiveCfg = Release|Win32
		{79FCFAF3-24D3-4D81-AFC9-B7DB7FA464DD}.LIB Release|Win32.Build.0 = Release|Win32
		{79FCFAF3-24D3-4D81-AFC9-B7DB7FA464DD}.Release NoLauncher|Win32.ActiveCfg = Release|Win32
		{79FCFAF3-24D3-4D81-AFC9-B7DB7FA464DD}.Release NoLauncher|Win32.Build.0 = Release|Win32
		{79FCFAF3-24D3-4D81-AFC9-B7DB7FA464DD}.Release|Win32.ActiveCfg = Release|Win32
		{79FCFAF3-24D3-4D81-AFC9-B7DB7FA464DD}.Release|Win32.Build.0 = Release|Win32
		{F856AC2F-3872-43CE-8175-6D90402D7F28}.Debug NoLauncher|Win32.ActiveCfg = Debug|Win32
		{F856AC2F-3872-43CE-8175-6D90402D7F28}.Debug NoLauncher|Win32.Build.0 = Debug|Win32
		{F856AC2F-3872-43CE-8175-6D90402D7F28}.Debug|Win32.ActiveCfg = Debug|Win32
		{F856AC2F-3872-43CE-8175-6D90402D7F28}.Debug|Win32.Build.0 = Debug|Win32
		{F856AC2F-3872-43CE-8175-6D90402D7F28}.DLL ASM Debug|Win32.ActiveCfg = Debug|Win32
		{F856AC2F-3872-43CE-8175-6D90402D7F28}.DLL ASM Debug|Win32.Build.0 = Debug|Win32
		{F856AC2F-3872-43CE-8175-6D90402D7F28}.DLL ASM Release|Win32.ActiveCfg = Release|Win32
		{F856AC2F-3872-43CE-8175-6D90402D7F28}.DLL ASM Release|Win32.Build.0 = Release|Win32
		{F856AC2F-3872-43CE-8175-6D90402D7F28}.DLL Debug|Win32.ActiveCfg = Debug|Win32
		{F856AC2F-3872-43CE-8175-6D90402D7F28}.DLL Debug|Win32.Build.0 = Debug|Win32
		{F856AC2F-3872-43CE-8175-6D90402D7F28}.DLL Release|Win32.ActiveCfg = Release|Win32
		{F856AC2F-3872-43CE-8175-6D90402D7F28}.DLL Release|Win32.Build.0 = Release|Win32
		{F856AC2F-3872-43CE-8175-6D90402D7F28}.LIB ASM Debug|Win32.ActiveCfg = Debug|Win32
		{F856AC2F-3872-43CE-8175-6D90402D7F28}.LIB ASM Debug|Win32.Build.0 = Debug|Win32
		{F856AC2F-3872-43CE-8175-6D90402D7F28}.LIB ASM Release|Win32.ActiveCfg = Release|Win32
		{F856AC2F-3872-43CE-8175-6D90402D7F28}.LIB ASM Release|Win32.Build.0 = Release|Win32
		{F856AC2F-3872-43CE-8175-6D90402D7F28}.LIB Debug|Win32.ActiveCfg = Debug|Win32
		{F856AC2F-3872-43CE-8175-6D90402D7F28}.LIB Debug|Win32.Build.0 = Debug|Win32
		{F856AC2F-3872-43CE-8175-6D90402D7F28}.LIB Release|Win32.ActiveCfg = Release|Win32
		{F856AC2F-3872-43CE-8175-6D90402D7F28}.LIB Release|Win32.Build.0 = Release|Win32
		{F856AC2F-3872-43CE-8175-6D90402D7F28}.Release NoLauncher|Win32.ActiveCfg = Release|Win32
		{F856AC2F-3872-43CE-8175-6D90402D7F28}.Release NoLauncher|Win32.Build.0 = Release|Win32
		{F856AC2F-3872-43CE-8175-6D90402D7F28}.Release|Win32.ActiveCfg = Release|Win32
		{F856AC2F-3872-43CE-8175-6D90402D7F28}.Release|Win32.Build.0 = Release|Win32
		{25418CD4-AE52-4BF7-A466-BA132D4F2AFF}.Debug NoLauncher|Win32.ActiveCfg = Debug|Win32
		{25418CD4-AE52-4BF7-A466-BA132D4F2AFF}.Debug NoLauncher|Win32.Build.0 = Debug|Win32
		{25418CD4-AE52-4BF7-A466-BA132D4F2AFF}.Debug|Win32.ActiveCfg = Debug|Win32
		{25418CD4-AE52-4BF7-A466-BA132D4F2AFF}.Debug|Win32.Build.0 = Debug|Win32
		{25418CD4-AE52-4BF7-A466-BA132D4F2AFF}.DLL ASM Debug|Win32.ActiveCfg = Debug|Win32
		{25418CD4-AE52-4BF7-A466-BA132D4F2AFF}.DLL ASM Debug|Win32.Build.0 = Debug|Win32
		{25418CD4-AE52-4BF7-A466-BA132D4F2AFF}.DLL ASM Release|Win32.ActiveCfg = Release|Win32
		{25418CD4-AE52-4BF7-A466-BA132D4F2AFF}.DLL ASM Release|Win32.Build.0 = Release|Win32
		{25418CD4-AE52-4BF7-A466-BA132D4F2AFF}.DLL Debug|Win32.ActiveCfg = Debug|Win32
		{25418CD4-AE52-4BF7-A466-BA132D4F2AFF}.DLL Debug|Win32.Build.0 = Debug|Win32
		{25418CD4-AE52-4BF7-A466-BA132D4F2AFF}.DLL Release|Win32.ActiveCfg = Release|Win32
		{25418CD4-AE52-4BF7-A466-BA132D4F2AFF}.DLL Release|Win32.Build.0 = Release|Win32
		{25418CD4-AE52-4BF7-A466-BA132D4F2AFF}.LIB ASM Debug|Win32.ActiveCfg = Debug|Win32
		{25418CD4-AE52-4BF7-A466-BA132D4F2AFF}.LIB ASM Debug|Win32.Build.0 = Debug|Win32
		{25418CD4-AE52-4BF7-A466-BA132D4F2AFF}.LIB ASM Release|Win32.ActiveCfg = Release|Win32
		{25418CD4-AE52-4BF7-A466-BA132D4F2AFF}.LIB ASM Release|Win32.Build.0 = Release|Win32
		{25418CD4-AE52-4BF7-A466-BA132D4F2AFF}.LIB Debug|Win32.ActiveCfg = Debug|Win32
		{25418CD4-AE52-4BF7-A466-BA132D4F2AFF}.LIB Debug|Win32.Build.0 = Debug|Win32
		{25418CD4-AE52-4BF7-A466-BA132D4F2AFF}.LIB Release|Win32.ActiveCfg = Release|Win32
		{25418CD4-AE52-4BF7-A466-BA132D4F2AFF}.LIB Release|Win32.Build.0 = Release|Win32
		{25418CD4-AE52-4BF7-A466-BA132D4F2AFF}.Release NoLauncher|Win32.ActiveCfg = Release|Win32
		{25418CD4-AE52-4BF7-A466-BA132D4F2AFF}.Release NoLauncher|Win32.Build.0 = Release|Win32
		{25418CD4-AE52-4BF7-A466-BA132D4F2AFF}.Release|Win32.ActiveCfg = Release|Win32
		{25418CD4-AE52-4BF7-A466-BA132D4F2AFF}.Release|Win32.Build.0 = Release|Win32
		{50DF6A4B-10A9-4838-B7F2-1D42AACC8FDA}.Debug NoLauncher|Win32.ActiveCfg = Debug|Win32
		{50DF6A4B-10A9-4838-B7F2-1D42AACC8FDA}.Debug NoLauncher|Win32.Build.0 = Debug|Win32
		{50DF6A4B-10A9-4838-B7F2-1D42AACC8FDA}.Debug|Win32.ActiveCfg = Debug|Win32
		{50DF6A4B-10A9-4838-B7F2-1D42AACC8FDA}.Debug|Win32.Build.0 = Debug|Win32
		{50DF6A4B-10A9-4838-B7F2-1D42AACC8FDA}.DLL ASM Debug|Win32.ActiveCfg = Debug|Win32
		{50DF6A4B-10A9-4838-B7F2-1D42AACC8FDA}.DLL ASM Debug|Win32.Build.0 = Debug|Win32
		{50DF6A4B-10A9-4838-B7F2-1D42AACC8FDA}.DLL ASM Release|Win32.ActiveCfg = Release|Win32
		{50DF6A4B-10A9-4838-B7F2-1D42AACC8FDA}.DLL ASM Release|Win32.Build.0 = Release|Win32
		{50DF6A4B-10A9-4838-B7F2-1D42AACC8FDA}.DLL Debug|Win32.ActiveCfg = Debug|Win32
		{50DF6A4B-10A9-4838-B7F2-1D42AACC8FDA}.DLL Debug|Win32.Build.0 = Debug|Win32
		{50DF6A4B-10A9-4838-B7F2-1D42AACC8FDA}.DLL Release|Win32.ActiveCfg = Release|Win32
		{50DF6A4B-10A9-4838-B7F2-1D42AACC8FDA}.DLL Release|Win32.Build.0 = Release|Win32
		{50DF6A4B-10A9-4838-B7F2-1D42AACC8FDA}.LIB ASM Debug|Win32.ActiveCfg = Debug|Win32
		{50DF6A4B-10A9-4838-B7F2-1D42AACC8FDA}.LIB ASM Debug|Win32.Build.0 = Debug|Win32
		{50DF6A4B-10A9-4838-B7F2-1D42AACC8FDA}.LIB ASM Release|Win32.ActiveCfg = Release|Win32
		{50DF6A4B-10A9-4838-B7F2-1D42AACC8FDA}.LIB ASM Release|Win32.Build.0 = Release|Win32
		{50DF6A4B-10A9-4838-B7F2-1D42AACC8FDA}.LIB Debug|Win32.ActiveCfg = Debug|Win32
		{50DF6A4B-10A9-4838-B7F2-1D42AACC8FDA}.LIB Debug|Win32.Build.0 = Debug|Win32
		{50DF6A4B-10A9-4838-B7F2-1D42AACC8FDA}.LIB Release|Win32.ActiveCfg = Release|Win32
		{50DF6A4B-10A9-4838-B7F2-1D42AACC8FDA}.LIB Release|Win32.Build.0 = Release|Win32
		{50DF6A4B-10A9-4838-B7F2-1D42AACC8FDA}.Release NoLauncher|Win32.ActiveCfg = Release|Win32
		{50DF6A4B-10A9-4838-B7F2-1D42AACC8FDA}.Release NoLauncher|Win32.Build.0 = Release|Win32
		{50DF6A4B-10A9-4838-B7F2-1D42AACC8FDA}.Release|Win32.ActiveCfg = Release|Win32
		{50DF6A4B-10A9-4838-B7F2-1D42AACC8FDA}.Release|Win32.Build.0 = Release|Win32
		{3559A331-1E8F-4FB4-B183-6146EFD399FA}.Debug NoLauncher|Win32.ActiveCfg = Debug|Win32
		{3559A331-1E8F-4FB4-B183-6146EFD399FA}.Debug NoLauncher|Win32.Build.0 = Debug|Win32
		{3559A331-1E8F-4FB4-B183-6146EFD399FA}.Debug|Win32.ActiveCfg = Debug|Win32
		{3559A331-1E8F-4FB4-B183-6146EFD399FA}.Debug|Win32.Build.0 = Debug|Win32
		{3559A331-1E8F-4FB4-B183-6146EFD399FA}.DLL ASM Debug|Win32.ActiveCfg = Debug|Win32
		{3559A331-1E8F-4FB4-B183-6146EFD399FA}.DLL ASM Debug|Win32.Build.0 = Debug|Win32
		{3559A331-1E8F-4FB4-B183-6146EFD399FA}.DLL ASM Release|Win32.ActiveCfg = Release|Win32
		{3559A331-1E8F-4FB4-B183-6146EFD399FA}.DLL ASM Release|Win32.Build.0 = Release|Win32
		{3559A331-1E8F-4FB4-B183-6146EFD399FA}.DLL Debug|Win32.ActiveCfg = Debug|Win32
		{3559A331-1E8F-4FB4-B183-6146EFD399FA}.DLL Debug|Win32.Build.0 = Debug|Win32
		{3559A331-1E8F-4FB4-B183-6146EFD399FA}.DLL Release|Win32.ActiveCfg = Release|Win32
		{3559A331-1E8F-4FB4-B183-6146EFD399FA}.DLL Release|Win32.Build.0 = Release|Win32
		{3559A331-1E8F-4FB4-B183-6146EFD399FA}.LIB ASM Debug|Win32.ActiveCfg = Debug|Win32
		{3559A331-1E8F-4FB4-B183-6146EFD399FA}.LIB ASM Debug|Win32.Build.0 = Debug|Win32
		{3559A331-1E8F-4FB4-B183-6146EFD399FA}.LIB ASM Release|Win32.ActiveCfg = Release|Win32
		{3559A331-1E8F-4FB4-B183-6146EFD399FA}.LIB ASM Release|Win32.Build.0 = Release|Win32
		{3559A331-1E8F-4FB4-B183-6146EFD399FA}.LIB Debug|Win32.ActiveCfg = Debug|Win32
		{3559A331-1E8F-4FB4-B183-6146EFD399FA}.LIB Debug|Win32.Build.0 = Debug|Win32
		{3559A331-1E8F-4FB4-B183-6146EFD399FA}.LIB Release|Win32.ActiveCfg = Release|Win32
		{3559A331-1E8F-4FB4-B183-6146EFD399FA}.LIB Release|Win32.Build.0 = Release|Win32
		{3559A331-1E8F-4FB4-B183-6146EFD399FA}.Release NoLauncher|Win32.ActiveCfg = Release|Win32
		{3559A331-1E8F-4FB4-B183-6146EFD399FA}.Release NoLauncher|Win32.Build.0 = Release|Win32
		{3559A331-1E8F-4FB4-B183-6146EFD399FA}.Release|Win32.ActiveCfg = Release|Win32
		{3559A331-1E8F-4FB4-B183-6146EFD399FA}.Release|Win32.Build.0 = Release|Win32
		{AA75B895-9958-4D71-9419-D86946478CAA}.Debug NoLauncher|Win32.ActiveCfg = Debug|Win32
		{AA75B895-9958-4D71-9419-D86946478CAA}.Debug NoLauncher|Win32.Build.0 = Debug|Win32
		{AA75B895-9958-4D71-9419-D86946478CAA}.Debug|Win32.ActiveCfg = Debug|Win32
		{AA75B895-9958-4D71-9419-D86946478CAA}.Debug|Win32.Build.0 = Debug|Win32
		{AA75B895-9958-4D71-9419-D86946478CAA}.DLL ASM Debug|Win32.ActiveCfg = Debug|Win32
		{AA75B895-9958-4D71-9419-D86946478CAA}.DLL ASM Debug|Win32.Build.0 = Debug|Win32
		{AA75B895-9958-4D71-9419-D86946478CAA}.DLL ASM Release|Win32.ActiveCfg = Release|Win32
		{AA75B895-9958-4D71-9419-D86946478CAA}.DLL ASM Release|Win32.Build.0 = Release|Win32
		{AA75B895-9958-4D71-9419-D86946478CAA}.DLL Debug|Win32.ActiveCfg = Debug|Win32
		{AA75B895-9958-4D71-9419-D86946478CAA}.DLL Debug|Win32.Build.0 = Debug|Win32
		{AA75B895-9958-4D71-9419-D86946478CAA}.DLL Release|Win32.ActiveCfg = Release|Win32
		{AA75B895-9958-4D71-9419-D86946478CAA}.DLL Release|Win32.Build.0 = Release|Win32
		{AA75B895-9958-4D71-9419-D86946478CAA}.LIB ASM Debug|Win32.ActiveCfg = Debug|Win32
		{AA75B895-9958-4D71-9419-D86946478CAA}.LIB ASM Debug|Win32.Build.0 = Debug|Win32
		{AA75B895-9958-4D71-9419-D86946478CAA}.LIB ASM Release|Win32.ActiveCfg = Release|Win32
		{AA75B895-9958-4D71-9419-D86946478CAA}.LIB ASM Release|Win32.Build.0 = Release|Win32
		{AA75B895-9958-4D71-9419-D86946478CAA}.LIB Debug|Win32.ActiveCfg = Debug|Win32
		{AA75B895-9958-4D71-9419-D86946478CAA}.LIB Debug|Win32.Build.0 = Debug|Win32
		{AA75B895-9958-4D71-9419-D86946478CAA}.LIB Release|Win32.ActiveCfg = Release|Win32
		{AA75B895-9958-4D71-9419-D86946478CAA}.LIB Release|Win32.Build.0 = Release|Win32
		{AA75B895-9958-4D71-9419-D86946478CAA}.Release NoLauncher|Win32.ActiveCfg = Release|Win32
		{AA75B895-9958-4D71-9419-D86946478CAA}.Release NoLauncher|Win32.Build.0 = Release|Win32
		{AA75B895-9958-4D71-9419-D86946478CAA}.Release|Win32.ActiveCfg = Release|Win32
		{AA75B895-9958-4D71-9419-D86946478CAA}.Release|Win32.Build.0 = Release|Win32
		{35E2061E-2D4A-4E36-B43D-6BB377EC6F89}.Debug NoLauncher|Win32.ActiveCfg = Debug|Win32
		{35E2061E-2D4A-4E36-B43D-6BB377EC6F89}.Debug NoLauncher|Win32.Build.0 = Debug|Win32
		{35E2061E-2D4A-4E36-B43D-6BB377EC6F89}.Debug|Win32.ActiveCfg = Debug|Win32
		{35E2061E-2D4A-4E36-B43D-6BB377EC6F89}.Debug|Win32.Build.0 = Debug|Win32
		{35E2061E-2D4A-4E36-B43D-6BB377EC6F89}.DLL ASM Debug|Win32.ActiveCfg = Debug|Win32
		{35E2061E-2D4A-4E36-B43D-6BB377EC6F89}.DLL ASM Debug|Win32.Build.0 = Debug|Win32
		{35E2061E-2D4A-4E36-B43D-6BB377EC6F89}.DLL ASM Release|Win32.ActiveCfg = Release|Win32
		{35E2061E-2D4A-4E36-B43D-6BB377EC6F89}.DLL ASM Release|Win32.Build.0 = Release|Win32
		{35E2061E-2D4A-4E36-B43D-6BB377EC6F89}.DLL Debug|Win32.ActiveCfg = Debug|Win32
		{35E2061E-2D4A-4E36-B43D-6BB377EC6F89}.DLL Debug|Win32.Build.0 = Debug|Win32
		{35E2061E-2D4A-4E36-B43D-6BB377EC6F89}.DLL Release|Win32.ActiveCfg = Release|Win32
		{35E2061E-2D4A-4E36-B43D-6BB377EC6F89}.DLL Release|Win32.Build.0 = Release|Win32
		{35E2061E-2D4A-4E36-B43D-6BB377EC6F89}.LIB ASM Debug|Win32.ActiveCfg = Debug|Win32
		{35E2061E-2D4A-4E36-B43D-6BB377EC6F89}.LIB ASM Debug|Win32.Build.0 = Debug|Win32
		{35E2061E-2D4A-4E36-B43D-6BB377EC6F89}.LIB ASM Release|Win32.ActiveCfg = Release|Win32
		{35E2061E-2D4A-4E36-B43D-6BB377EC6F89}.LIB ASM Release|Win32.Build.0 = Release|Win32
		{35E2061E-2D4A-4E36-B43D-6BB377EC6F89}.LIB Debug|Win32.ActiveCfg = Debug|Win32
		{35E2061E-2D4A-4E36-B43D-6BB377EC6F89}.LIB Debug|Win32.Build.0 = Debug|Win32
		{35E2061E-2D4A-4E36-B43D-6BB377EC6F89}.LIB Release|Win32.ActiveCfg = Release|Win32
		{35E2061E-2D4A-4E36-B43D-6BB377EC6F89}.LIB Release|Win32.Build.0 = Release|Win32
		{35E2061E-2D4A-4E36-B43D-6BB377EC6F89}.Release NoLauncher|Win32.ActiveCfg = Release|Win32
		{35E2061E-2D4A-4E36-B43D-6BB377EC6F89}.Release NoLauncher|Win32.Build.0 = Release|Win32
		{35E2061E-2D4A-4E36-B43D-6BB377EC6F89}.Release|Win32.ActiveCfg = Release|Win32
		{35E2061E-2D4A-4E36-B43D-6BB377EC6F89}.Release|Win32.Build.0 = Release|Win32
		{46A36B44-0FC1-4244-9D43-FD4449756E64}.Debug NoLauncher|Win32.ActiveCfg = Debug NoLauncher|Win32
		{46A36B44-0FC1-4244-9D43-FD4449756E64}.Debug NoLauncher|Win32.Build.0 = Debug NoLauncher|Win32
		{46A36B44-0FC1-4244-9D43-FD4449756E64}.Debug|Win32.ActiveCfg = Debug|Win32
		{46A36B44-0FC1-4244-9D43-FD4449756E64}.Debug|Win32.Build.0 = Debug|Win32
		{46A36B44-0FC1-4244-9D43-FD4449756E64}.DLL ASM Debug|Win32.ActiveCfg = Debug|Win32
		{46A36B44-0FC1-4244-9D43-FD4449756E64}.DLL ASM Debug|Win32.Build.0 = Debug|Win32
		{46A36B44-0FC1-4244-9D43-FD4449756E64}.DLL ASM Release|Win32.ActiveCfg = Release|Win32
		{46A36B44-0FC1-4244-9D43-FD4449756E64}.DLL ASM Release|Win32.Build.0 = Release|Win32
		{46A36B44-0FC1-4244-9D43-FD4449756E64}.DLL Debug|Win32.ActiveCfg = Debug|Win32
		{46A36B44-0FC1-4244-9D43-FD4449756E64}.DLL Debug|Win32.Build.0 = Debug|Win32
		{46A36B44-0FC1-4244-9D43-FD4449756E64}.DLL Release|Win32.ActiveCfg = Release|Win32
		{46A36B44-0FC1-4244-9D43-FD4449756E64}.DLL Release|Win32.Build.0 = Release|Win32
		{46A36B44-0FC1-4244-9D43-FD4449756E64}.LIB ASM Debug|Win32.ActiveCfg = Debug|Win32
		{46A36B44-0FC1-4244-9D43-FD4449756E64}.LIB ASM Debug|Win32.Build.0 = Debug|Win32
		{46A36B44-0FC1-4244-9D43-FD4449756E64}.LIB ASM Release|Win32.ActiveCfg = Release|Win32
		{46A36B44-0FC1-4244-9D43-FD4449756E64}.LIB ASM Release|Win32.Build.0 = Release|Win32
		{46A36B44-0FC1-4244-9D43-FD4449756E64}.LIB Debug|Win32.ActiveCfg = Debug|Win32
		{46A36B44-0FC1-4244-9D43-FD4449756E64}.LIB Debug|Win32.Build.0 = Debug|Win32
		{46A36B44-0FC1-4244-9D43-FD4449756E64}.LIB Release|Win32.ActiveCfg = Release|Win32
		{46A36B44-0FC1-4244-9D43-FD4449756E64}.LIB Release|Win32.Build.0 = Release|Win32
		{46A36B44-0FC1-4244-9D43-FD4449756E64}.Release NoLauncher|Win32.ActiveCfg = Release NoLauncher|Win32
		{46A36B44-0FC1-4244-9D43-FD4449756E64}.Release NoLauncher|Win32.Build.0 = Release NoLauncher|Win32
		{46A36B44-0FC1-4244-9D43-FD4449756E64}.Release|Win32.ActiveCfg = Release|Win32
		{46A36B44-0FC1-4244-9D43-FD4449756E64}.Release|Win32.Build.0 = Release|Win32
		{B92E5984-8D2D-43E7-942D-98DB463A9B55}.Debug NoLauncher|Win32.ActiveCfg = Debug|Win32
		{B92E5984-8D2D-43E7-942D-98DB463A9B55}.Debug NoLauncher|Win32.Build.0 = Debug|Win32
		{B92E5984-8D2D-43E7-942D-98DB463A9B55}.Debug|Win32.ActiveCfg = Debug|Win32
		{B92E5984-8D2D-43E7-942D-98DB463A9B55}.Debug|Win32.Build.0 = Debug|Win32
		{B92E5984-8D2D-43E7-942D-98DB463A9B55}.DLL ASM Debug|Win32.ActiveCfg = Debug|Win32
		{B92E5984-8D2D-43E7-942D-98DB463A9B55}.DLL ASM Debug|Win32.Build.0 = Debug|Win32
		{B92E5984-8D2D-43E7-942D-98DB463A9B55}.DLL ASM Release|Win32.ActiveCfg = Release|Win32
		{B92E5984-8D2D-43E7-942D-98DB463A9B55}.DLL ASM Release|Win32.Build.0 = Release|Win32
		{B92E5984-8D2D-43E7-942D-98DB463A9B55}.DLL Debug|Win32.ActiveCfg = Debug|Win32
		{B92E5984-8D2D-43E7-942D-98DB463A9B55}.DLL Debug|Win32.Build.0 = Debug|Win32
		{B92E5984-8D2D-43E7-942D-98DB463A9B55}.DLL Release|Win32.ActiveCfg = Release|Win32
		{B92E5984-8D2D-43E7-942D-98DB463A9B55}.DLL Release|Win32.Build.0 = Release|Win32
		{B92E5984-8D2D-43E7-942D-98DB463A9B55}.LIB ASM Debug|Win32.ActiveCfg = Debug|Win32
		{B92E5984-8D2D-43E7-942D-98DB463A9B55}.LIB ASM Debug|Win32.Build.0 = Debug|Win32
		{B92E5984-8D2D-43E7-942D-98DB463A9B55}.LIB ASM Release|Win32.ActiveCfg = Release|Win32
		{B92E5984-8D2D-43E7-942D-98DB463A9B55}.LIB ASM Release|Win32.Build.0 = Release|Win32
		{B92E5984-8D2D-43E7-942D-98DB463A9B55}.LIB Debug|Win32.ActiveCfg = Debug|Win32
		{B92E5984-8D2D-43E7-942D-98DB463A9B55}.LIB Debug|Win32.Build.0 = Debug|Win32
		{B92E5984-8D2D-43E7-942D-98DB463A9B55}.LIB Release|Win32.ActiveCfg = Release|Win32
		{B92E5984-8D2D-43E7-942D-98DB463A9B55}.LIB Release|Win32.Build.0 = Release|Win32
		{B92E5984-8D2D-43E7-942D-98DB463A9B55}.Release NoLauncher|Win32.ActiveCfg = Release|Win32
		{B92E5984-8D2D-43E7-942D-98DB463A9B55}.Release NoLauncher|Win32.Build.0 = Release|Win32
		{B92E5984-8D2D-43E7-942D-98DB463A9B55}.Release|Win32.ActiveCfg = Release|Win32
		{B92E5984-8D2D-43E7-942D-98DB463A9B55}.Release|Win32.Build.0 = Release|Win32
		{F4FB21BD-0544-4270-B889-63A20163F71B}.Debug NoLauncher|Win32.ActiveCfg = Debug NoLauncher|Win32
		{F4FB21BD-0544-4270-B889-63A20163F71B}.Debug NoLauncher|Win32.Build.0 = Debug NoLauncher|Win32
		{F4FB21BD-0544-4270-B889-63A20163F71B}.Debug|Win32.ActiveCfg = Debug|Win32
		{F4FB21BD-0544-4270-B889-63A20163F71B}.Debug|Win32.Build.0 = Debug|Win32
		{F4FB21BD-0544-4270-B889-63A20163F71B}.DLL ASM Debug|Win32.ActiveCfg = Debug|Win32
		{F4FB21BD-0544-4270-B889-63A20163F71B}.DLL ASM Debug|Win32.Build.0 = Debug|Win32
		{F4FB21BD-0544-4270-B889-63A20163F71B}.DLL ASM Release|Win32.ActiveCfg = Release|Win32
		{F4FB21BD-0544-4270-B889-63A20163F71B}.DLL ASM Release|Win32.Build.0 = Release|Win32
		{F4FB21BD-0544-4270-B889-63A20163F71B}.DLL Debug|Win32.ActiveCfg = Debug|Win32
		{F4FB21BD-0544-4270-B889-63A20163F71B}.DLL Debug|Win32.Build.0 = Debug|Win32
		{F4FB21BD-0544-4270-B889-63A20163F71B}.DLL Release|Win32.ActiveCfg = Release|Win32
		{F4FB21BD-0544-4270-B889-63A20163F71B}.DLL Release|Win32.Build.0 = Release|Win32
		{F4FB21BD-0544-4270-B889-63A20163F71B}.LIB ASM Debug|Win32.ActiveCfg = Debug|Win32
		{F4FB21BD-0544-4270-B889-63A20163F71B}.LIB ASM Debug|Win32.Build.0 = Debug|Win32
		{F4FB21BD-0544-4270-B889-63A20163F71B}.LIB ASM Release|Win32.ActiveCfg = Release|Win32
		{F4FB21BD-0544-4270-B889-63A20163F71B}.LIB ASM Release|Win32.Build.0 = Release|Win32
		{F4FB21BD-0544-4270-B889-63A20163F71B}.LIB Debug|Win32.ActiveCfg = Debug|Win32
		{F4FB21BD-0544-4270-B889-63A20163F71B}.LIB Debug|Win32.Build.0 = Debug|Win32
		{F4FB21BD-0544-4270-B889-63A20163F71B}.LIB Release|Win32.ActiveCfg = Release|Win32
		{F4FB21BD-0544-4270-B889-63A20163F71B}.LIB Release|Win32.Build.0 = Release|Win32
		{F4FB21BD-0544-4270-B889-63A20163F71B}.Release NoLauncher|Win32.ActiveCfg = Release NoLauncher|Win32
		{F4FB21BD-0544-4270-B889-63A20163F71B}.Release NoLauncher|Win32.Build.0 = Release NoLauncher|Win32
		{F4FB21BD-0544-4270-B889-63A20163F71B}.Release|Win32.ActiveCfg = Release|Win32
		{F4FB21BD-0544-4270-B889-63A20163F71B}.Release|Win32.Build.0 = Release|Win32
		{57C401AD-8E91-4FDC-B9FA-545B230AE401}.Debug NoLauncher|Win32.ActiveCfg = Debug NoLauncher|Win32
		{57C401AD-8E91-4FDC-B9FA-545B230AE401}.Debug NoLauncher|Win32.Build.0 = Debug NoLauncher|Win32
		{57C401AD-8E91-4FDC-B9FA-545B230AE401}.Debug|Win32.ActiveCfg = Debug|Win32
		{57C401AD-8E91-4FDC-B9FA-545B230AE401}.Debug|Win32.Build.0 = Debug|Win32
		{57C401AD-8E91-4FDC-B9FA-545B230AE401}.DLL ASM Debug|Win32.ActiveCfg = Debug|Win32
		{57C401AD-8E91-4FDC-B9FA-545B230AE401}.DLL ASM Debug|Win32.Build.0 = Debug|Win32
		{57C401AD-8E91-4FDC-B9FA-545B230AE401}.DLL ASM Release|Win32.ActiveCfg = Release|Win32
		{57C401AD-8E91-4FDC-B9FA-545B230AE401}.DLL ASM Release|Win32.Build.0 = Release|Win32
		{57C401AD-8E91-4FDC-B9FA-545B230AE401}.DLL Debug|Win32.ActiveCfg = Debug|Win32
		{57C401AD-8E91-4FDC-B9FA-545B230AE401}.DLL Debug|Win32.Build.0 = Debug|Win32
		{57C401AD-8E91-4FDC-B9FA-545B230AE401}.DLL Release|Win32.ActiveCfg = Release|Win32
		{57C401AD-8E91-4FDC-B9FA-545B230AE401}.DLL Release|Win32.Build.0 = Release|Win32
		{57C401AD-8E91-4FDC-B9FA-545B230AE401}.LIB ASM Debug|Win32.ActiveCfg = Debug|Win32
		{57C401AD-8E91-4FDC-B9FA-545B230AE401}.LIB ASM Debug|Win32.Build.0 = Debug|Win32
		{57C401AD-8E91-4FDC-B9FA-545B230AE401}.LIB ASM Release|Win32.ActiveCfg = Release|Win32
		{57C401AD-8E91-4FDC-B9FA-545B230AE401}.LIB ASM Release|Win32.Build.0 = Release|Win32
		{57C401AD-8E91-4FDC-B9FA-545B230AE401}.LIB Debug|Win32.ActiveCfg = Debug|Win32
		{57C401AD-8E91-4FDC-B9FA-545B230AE401}.LIB Debug|Win32.Build.0 = Debug|Win32
		{57C401AD-8E91-4FDC-B9FA-545B230AE401}.LIB Release|Win32.ActiveCfg = Release|Win32
		{57C401AD-8E91-4FDC-B9FA-545B230AE401}.LIB Release|Win32.Build.0 = Release|Win32
		{57C401AD-8E91-4FDC-B9FA-545B230AE401}.Release NoLauncher|Win32.ActiveCfg = Release NoLauncher|Win32
		{57C401AD-8E91-4FDC-B9FA-545B230AE401}.Release NoLauncher|Win32.Build.0 = Release NoLauncher|Win32
		{57C401AD-8E91-4FDC-B9FA-545B230AE401}.Release|Win32.ActiveCfg = Release|Win32
		{57C401AD-8E91-4FDC-B9FA-545B230AE401}.Release|Win32.Build.0 = Release|Win32
		{4EADAD66-48DE-419A-9147-00F19F8955E4}.Debug NoLauncher|Win32.ActiveCfg = Debug NoLauncher|Win32
		{4EADAD66-48DE-419A-9147-00F19F8955E4}.Debug NoLauncher|Win32.Build.0 = Debug NoLauncher|Win32
		{4EADAD66-48DE-419A-9147-00F19F8955E4}.Debug|Win32.ActiveCfg = Debug|Win32
		{4EADAD66-48DE-419A-9147-00F19F8955E4}.Debug|Win32.Build.0 = Debug|Win32
		{4EADAD66-48DE-419A-9147-00F19F8955E4}.DLL ASM Debug|Win32.ActiveCfg = Debug|Win32
		{4EADAD66-48DE-419A-9147-00F19F8955E4}.DLL ASM Debug|Win32.Build.0 = Debug|Win32
		{4EADAD66-48DE-419A-9147-00F19F8955E4}.DLL ASM Release|Win32.ActiveCfg = Release|Win32
		{4EADAD66-48DE-419A-9147-00F19F8955E4}.DLL ASM Release|Win32.Build.0 = Release|Win32
		{4EADAD66-48DE-419A-9147-00F19F8955E4}.DLL Debug|Win32.ActiveCfg = Debug|Win32
		{4EADAD66-48DE-419A-9147-00F19F8955E4}.DLL Debug|Win32.Build.0 = Debug|Win32
		{4EADAD66-48DE-419A-9147-00F19F8955E4}.DLL Release|Win32.ActiveCfg = Release|Win32
		{4EADAD66-48DE-419A-9147-00F19F8955E4}.DLL Release|Win32.Build.0 = Release|Win32
		{4EADAD66-48DE-419A-9147-00F19F8955E4}.LIB ASM Debug|Win32.ActiveCfg = Debug|Win32
		{4EADAD66-48DE-419A-9147-00F19F8955E4}.LIB ASM Debug|Win32.Build.0 = Debug|Win32
		{4EADAD66-48DE-419A-9147-00F19F8955E4}.LIB ASM Release|Win32.ActiveCfg = Release|Win32
		{4EADAD66-48DE-419A-9147-00F19F8955E4}.LIB ASM Release|Win32.Build.0 = Release|Win32
		{4EADAD66-48DE-419A-9147-00F19F8955E4}.LIB Debug|Win32.ActiveCfg = Debug|Win32
		{4EADAD66-48DE-419A-9147-00F19F8955E4}.LIB Debug|Win32.Build.0 = Debug|Win32
		{4EADAD66-48DE-419A-9147-00F19F8955E4}.LIB Release|Win32.ActiveCfg = Release|Win32
		{4EADAD66-48DE-419A-9147-00F19F8955E4}.LIB Release|Win32.Build.0 = Release|Win32
		{4EADAD66-48DE-419A-9147-00F19F8955E4}.Release NoLauncher|Win32.ActiveCfg = Release NoLauncher|Win32
		{4EADAD66-48DE-419A-9147-00F19F8955E4}.Release NoLauncher|Win32.Build.0 = Release NoLauncher|Win32
		{4EADAD66-48DE-419A-9147-00F19F8955E4}.Release|Win32.ActiveCfg = Release|Win32
		{4EADAD66-48DE-419A-9147-00F19F8955E4}.Release|Win32.Build.0 = Release|Win32
		{2615B04F-889C-4870-9FE1-73040271FA94}.Debug NoLauncher|Win32.ActiveCfg = Debug|Win32
		{2615B04F-889C-4870-9FE1-73040271FA94}.Debug NoLauncher|Win32.Build.0 = Debug|Win32
		{2615B04F-889C-4870-9FE1-73040271FA94}.Debug|Win32.ActiveCfg = Debug|Win32
		{2615B04F-889C-4870-9FE1-73040271FA94}.Debug|Win32.Build.0 = Debug|Win32
		{2615B04F-889C-4870-9FE1-73040271FA94}.DLL ASM Debug|Win32.ActiveCfg = Debug|Win32
		{2615B04F-889C-4870-9FE1-73040271FA94}.DLL ASM Debug|Win32.Build.0 = Debug|Win32
		{2615B04F-889C-4870-9FE1-73040271FA94}.DLL ASM Release|Win32.ActiveCfg = Release|Win32
		{2615B04F-889C-4870-9FE1-73040271FA94}.DLL ASM Release|Win32.Build.0 = Release|Win32
		{2615B04F-889C-4870-9FE1-73040271FA94}.DLL Debug|Win32.ActiveCfg = Debug|Win32
		{2615B04F-889C-4870-9FE1-73040271FA94}.DLL Debug|Win32.Build.0 = Debug|Win32
		{2615B04F-889C-4870-9FE1-73040271FA94}.DLL Release|Win32.ActiveCfg = Release|Win32
		{2615B04F-889C-4870-9FE1-73040271FA94}.DLL Release|Win32.Build.0 = Release|Win32
		{2615B04F-889C-4870-9FE1-73040271FA94}.LIB ASM Debug|Win32.ActiveCfg = Debug|Win32
		{2615B04F-889C-4870-9FE1-73040271FA94}.LIB ASM Debug|Win32.Build.0 = Debug|Win32
		{2615B04F-889C-4870-9FE1-73040271FA94}.LIB ASM Release|Win32.ActiveCfg = Release|Win32
		{2615B04F-889C-4870-9FE1-73040271FA94}.LIB ASM Release|Win32.Build.0 = Release|Win32
		{2615B04F-889C-4870-9FE1-73040271FA94}.LIB Debug|Win32.ActiveCfg = Debug|Win32
		{2615B04F-889C-4870-9FE1-73040271FA94}.LIB Debug|Win32.Build.0 = Debug|Win32
		{2615B04F-889C-4870-9FE1-73040271FA94}.LIB Release|Win32.ActiveCfg = Release|Win32
		{2615B04F-889C-4870-9FE1-73040271FA94}.LIB Release|Win32.Build.0 = Release|Win32
		{2615B04F-889C-4870-9FE1-73040271FA94}.Release NoLauncher|Win32.ActiveCfg = Release|Win32
		{2615B04F-889C-4870-9FE1-73040271FA94}.Release NoLauncher|Win32.Build.0 = Release|Win32
		{2615B04F-889C-4870-9FE1-73040271FA94}.Release|Win32.ActiveCfg = Release|Win32
		{2615B04F-889C-4870-9FE1-73040271FA94}.Release|Win32.Build.0 = Release|Win32
		{86B923B4-81D4-4006-BDE4-F2A3833694DD}.Debug NoLauncher|Win32.ActiveCfg = DLL Debug|Win32
		{86B923B4-81D4-4006-BDE4-F2A3833694DD}.Debug NoLauncher|Win32.Build.0 = DLL Debug|Win32
		{86B923B4-81D4-4006-BDE4-F2A3833694DD}.Debug|Win32.ActiveCfg = DLL Debug|Win32
		{86B923B4-81D4-4006-BDE4-F2A3833694DD}.Debug|Win32.Build.0 = DLL Debug|Win32
		{86B923B4-81D4-4006-BDE4-F2A3833694DD}.DLL ASM Debug|Win32.ActiveCfg = DLL ASM Debug|Win32
		{86B923B4-81D4-4006-BDE4-F2A3833694DD}.DLL ASM Debug|Win32.Build.0 = DLL ASM Debug|Win32
		{86B923B4-81D4-4006-BDE4-F2A3833694DD}.DLL ASM Release|Win32.ActiveCfg = DLL ASM Release|Win32
		{86B923B4-81D4-4006-BDE4-F2A3833694DD}.DLL ASM Release|Win32.Build.0 = DLL ASM Release|Win32
		{86B923B4-81D4-4006-BDE4-F2A3833694DD}.DLL Debug|Win32.ActiveCfg = DLL Debug|Win32
		{86B923B4-81D4-4006-BDE4-F2A3833694DD}.DLL Debug|Win32.Build.0 = DLL Debug|Win32
		{86B923B4-81D4-4006-BDE4-F2A3833694DD}.DLL Release|Win32.ActiveCfg = DLL Release|Win32
		{86B923B4-81D4-4006-BDE4-F2A3833694DD}.DLL Release|Win32.Build.0 = DLL Release|Win32
		{86B923B4-81D4-4006-BDE4-F2A3833694DD}.LIB ASM Debug|Win32.ActiveCfg = LIB ASM Debug|Win32
		{86B923B4-81D4-4006-BDE4-F2A3833694DD}.LIB ASM Debug|Win32.Build.0 = LIB ASM Debug|Win32
		{86B923B4-81D4-4006-BDE4-F2A3833694DD}.LIB ASM Release|Win32.ActiveCfg = LIB ASM Release|Win32
		{86B923B4-81D4-4006-BDE4-F2A3833694DD}.LIB ASM Release|Win32.Build.0 = LIB ASM Release|Win32
		{86B923B4-81D4-4006-BDE4-F2A3833694DD}.LIB Debug|Win32.ActiveCfg = LIB Debug|Win32
		{86B923B4-81D4-4006-BDE4-F2A3833694DD}.LIB Debug|Win32.Build.0 = LIB Debug|Win32
		{86B923B4-81D4-4006-BDE4-F2A3833694DD}.LIB Release|Win32.ActiveCfg = LIB Release|Win32
		{86B923B4-81D4-4006-BDE4-F2A3833694DD}.LIB Release|Win32.Build.0 = LIB Release|Win32
		{86B923B4-81D4-4006-BDE4-F2A3833694DD}.Release NoLauncher|Win32.ActiveCfg = LIB ASM Release|Win32
		{86B923B4-81D4-4006-BDE4-F2A3833694DD}.Release NoLauncher|Win32.Build.0 = LIB ASM Release|Win32
		{86B923B4-81D4-4006-BDE4-F2A3833694DD}.Release|Win32.ActiveCfg = LIB ASM Release|Win32
		{86B923B4-81D4-4006-BDE4-F2A3833694DD}.Release|Win32.Build.0 = LIB ASM Release|Win32
		{CB583C72-DDA2-4F0B-9838-21F853F4CF3A}.Debug NoLauncher|Win32.ActiveCfg = Debug|Win32
		{CB583C72-DDA2-4F0B-9838-21F853F4CF3A}.Debug NoLauncher|Win32.Build.0 = Debug|Win32
		{CB583C72-DDA2-4F0B-9838-21F853F4CF3A}.Debug|Win32.ActiveCfg = Debug|Win32
		{CB583C72-DDA2-4F0B-9838-21F853F4CF3A}.Debug|Win32.Build.0 = Debug|Win32
		{CB583C72-DDA2-4F0B-9838-21F853F4CF3A}.DLL ASM Debug|Win32.ActiveCfg = Debug|Win32
		{CB583C72-DDA2-4F0B-9838-21F853F4CF3A}.DLL ASM Debug|Win32.Build.0 = Debug|Win32
		{CB583C72-DDA2-4F0B-9838-21F853F4CF3A}.DLL ASM Release|Win32.ActiveCfg = Release|Win32
		{CB583C72-DDA2-4F0B-9838-21F853F4CF3A}.DLL ASM Release|Win32.Build.0 = Release|Win32
		{CB583C72-DDA2-4F0B-9838-21F853F4CF3A}.DLL Debug|Win32.ActiveCfg = Debug|Win32
		{CB583C72-DDA2-4F0B-9838-21F853F4CF3A}.DLL Debug|Win32.Build.0 = Debug|Win32
		{CB583C72-DDA2-4F0B-9838-21F853F4CF3A}.DLL Release|Win32.ActiveCfg = Release|Win32
		{CB583C72-DDA2-4F0B-9838-21F853F4CF3A}.DLL Release|Win32.Build.0 = Release|Win32
		{CB583C72-DDA2-4F0B-9838-21F853F4CF3A}.LIB ASM Debug|Win32.ActiveCfg = Debug|Win32
		{CB583C72-DDA2-4F0B-9838-21F853F4CF3A}.LIB ASM Debug|Win32.Build.0 = Debug|Win32
		{CB583C72-DDA2-4F0B-9838-21F853F4CF3A}.LIB ASM Release|Win32.ActiveCfg = Release|Win32
		{CB583C72-DDA2-4F0B-9838-21F853F4CF3A}.LIB ASM Release|Win32.Build.0 = Release|Win32
		{CB583C72-DDA2-4F0B-9838-21F853F4CF3A}.LIB Debug|Win32.ActiveCfg = Debug|Win32
		{CB583C72-DDA2-4F0B-9838-21F853F4CF3A}.LIB Debug|Win32.Build.0 = Debug|Win32
		{CB583C72-DDA2-4F0B-9838-21F853F4CF3A}.LIB Release|Win32.ActiveCfg = Release|Win32
		{CB583C72-DDA2-4F0B-9838-21F853F4CF3A}.LIB Release|Win32.Build.0 = Release|Win32
		{CB583C72-DDA2-4F0B-9838-21F853F4CF3A}.Release NoLauncher|Win32.ActiveCfg = Release|Win32
		{CB583C72-DDA2-4F0B-9838-21F853F4CF3A}.Release NoLauncher|Win32.Build.0 = Release|Win32
		{CB583C72-DDA2-4F0B-9838-21F853F4CF3A}.Release|Win32.ActiveCfg = Release|Win32
		{CB583C72-DDA2-4F0B-9838-21F853F4CF3A}.Release|Win32.Build.0 = Release|Win32
	EndGlobalSection
	GlobalSection(SolutionProperties) = preSolution
		HideSolutionNode = FALSE
	EndGlobalSection
	GlobalSection(DPCodeReviewSolutionGUID) = preSolution
		DPCodeReviewSolutionGUID = {00000000-0000-0000-0000-000000000000}
	EndGlobalSection
EndGlobal
