
Microsoft Visual Studio Solution File, Format Version 10.00
# Visual Studio 2008
Project("{8BC9CEB8-8B4A-11D0-8D11-00A0C91BC942}") = "example", "example.vcproj", "{73F0A540-6AEE-4FD6-8AED-470B639ED607}"
	ProjectSection(ProjectDependencies) = postProject
		{86B923B4-81D4-4006-BDE4-F2A3833694DD} = {86B923B4-81D4-4006-BDE4-F2A3833694DD}
	EndProjectSection
EndProject
Project("{8BC9CEB8-8B4A-11D0-8D11-00A0C91BC942}") = "minigzip", "minigzip.vcproj", "{C4CA98E0-6820-4068-BD37-90465DC3BB33}"
	ProjectSection(ProjectDependencies) = postProject
		{86B923B4-81D4-4006-BDE4-F2A3833694DD} = {86B923B4-81D4-4006-BDE4-F2A3833694DD}
	EndProjectSection
EndProject
Project("{8BC9CEB8-8B4A-11D0-8D11-00A0C91BC942}") = "zlib", "zlib.vcproj", "{86B923B4-81D4-4006-BDE4-F2A3833694DD}"
EndProject
Global
	GlobalSection(SolutionConfigurationPlatforms) = preSolution
		DLL ASM Debug|Win32 = DLL ASM Debug|Win32
		DLL ASM Release|Win32 = DLL ASM Release|Win32
		DLL Debug|Win32 = DLL Debug|Win32
		DLL Release|Win32 = DLL Release|Win32
		LIB ASM Debug|Win32 = LIB ASM Debug|Win32
		LIB ASM Release|Win32 = LIB ASM Release|Win32
		LIB Debug|Win32 = LIB Debug|Win32
		LIB Release|Win32 = LIB Release|Win32
	EndGlobalSection
	GlobalSection(ProjectConfigurationPlatforms) = postSolution
		{73F0A540-6AEE-4FD6-8AED-470B639ED607}.DLL ASM Debug|Win32.ActiveCfg = DLL ASM Debug|Win32
		{73F0A540-6AEE-4FD6-8AED-470B639ED607}.DLL ASM Debug|Win32.Build.0 = DLL ASM Debug|Win32
		{73F0A540-6AEE-4FD6-8AED-470B639ED607}.DLL ASM Release|Win32.ActiveCfg = DLL ASM Release|Win32
		{73F0A540-6AEE-4FD6-8AED-470B639ED607}.DLL ASM Release|Win32.Build.0 = DLL ASM Release|Win32
		{73F0A540-6AEE-4FD6-8AED-470B639ED607}.DLL Debug|Win32.ActiveCfg = DLL Debug|Win32
		{73F0A540-6AEE-4FD6-8AED-470B639ED607}.DLL Debug|Win32.Build.0 = DLL Debug|Win32
		{73F0A540-6AEE-4FD6-8AED-470B639ED607}.DLL Release|Win32.ActiveCfg = DLL Release|Win32
		{73F0A540-6AEE-4FD6-8AED-470B639ED607}.DLL Release|Win32.Build.0 = DLL Release|Win32
		{73F0A540-6AEE-4FD6-8AED-470B639ED607}.LIB ASM Debug|Win32.ActiveCfg = LIB ASM Debug|Win32
		{73F0A540-6AEE-4FD6-8AED-470B639ED607}.LIB ASM Debug|Win32.Build.0 = LIB ASM Debug|Win32
		{73F0A540-6AEE-4FD6-8AED-470B639ED607}.LIB ASM Release|Win32.ActiveCfg = LIB ASM Release|Win32
		{73F0A540-6AEE-4FD6-8AED-470B639ED607}.LIB ASM Release|Win32.Build.0 = LIB ASM Release|Win32
		{73F0A540-6AEE-4FD6-8AED-470B639ED607}.LIB Debug|Win32.ActiveCfg = LIB Debug|Win32
		{73F0A540-6AEE-4FD6-8AED-470B639ED607}.LIB Debug|Win32.Build.0 = LIB Debug|Win32
		{73F0A540-6AEE-4FD6-8AED-470B639ED607}.LIB Release|Win32.ActiveCfg = LIB Release|Win32
		{73F0A540-6AEE-4FD6-8AED-470B639ED607}.LIB Release|Win32.Build.0 = LIB Release|Win32
		{C4CA98E0-6820-4068-BD37-90465DC3BB33}.DLL ASM Debug|Win32.ActiveCfg = DLL ASM Debug|Win32
		{C4CA98E0-6820-4068-BD37-90465DC3BB33}.DLL ASM Debug|Win32.Build.0 = DLL ASM Debug|Win32
		{C4CA98E0-6820-4068-BD37-90465DC3BB33}.DLL ASM Release|Win32.ActiveCfg = DLL ASM Release|Win32
		{C4CA98E0-6820-4068-BD37-90465DC3BB33}.DLL ASM Release|Win32.Build.0 = DLL ASM Release|Win32
		{C4CA98E0-6820-4068-BD37-90465DC3BB33}.DLL Debug|Win32.ActiveCfg = DLL Debug|Win32
		{C4CA98E0-6820-4068-BD37-90465DC3BB33}.DLL Debug|Win32.Build.0 = DLL Debug|Win32
		{C4CA98E0-6820-4068-BD37-90465DC3BB33}.DLL Release|Win32.ActiveCfg = DLL Release|Win32
		{C4CA98E0-6820-4068-BD37-90465DC3BB33}.DLL Release|Win32.Build.0 = DLL Release|Win32
		{C4CA98E0-6820-4068-BD37-90465DC3BB33}.LIB ASM Debug|Win32.ActiveCfg = LIB ASM Debug|Win32
		{C4CA98E0-6820-4068-BD37-90465DC3BB33}.LIB ASM Debug|Win32.Build.0 = LIB ASM Debug|Win32
		{C4CA98E0-6820-4068-BD37-90465DC3BB33}.LIB ASM Release|Win32.ActiveCfg = LIB ASM Release|Win32
		{C4CA98E0-6820-4068-BD37-90465DC3BB33}.LIB ASM Release|Win32.Build.0 = LIB ASM Release|Win32
		{C4CA98E0-6820-4068-BD37-90465DC3BB33}.LIB Debug|Win32.ActiveCfg = LIB Debug|Win32
		{C4CA98E0-6820-4068-BD37-90465DC3BB33}.LIB Debug|Win32.Build.0 = LIB Debug|Win32
		{C4CA98E0-6820-4068-BD37-90465DC3BB33}.LIB Release|Win32.ActiveCfg = LIB Release|Win32
		{C4CA98E0-6820-4068-BD37-90465DC3BB33}.LIB Release|Win32.Build.0 = LIB Release|Win32
		{86B923B4-81D4-4006-BDE4-F2A3833694DD}.DLL ASM Debug|Win32.ActiveCfg = DLL ASM Debug|Win32
		{86B923B4-81D4-4006-BDE4-F2A3833694DD}.DLL ASM Debug|Win32.Build.0 = DLL ASM Debug|Win32
		{86B923B4-81D4-4006-BDE4-F2A3833694DD}.DLL ASM Release|Win32.ActiveCfg = DLL ASM Release|Win32
		{86B923B4-81D4-4006-BDE4-F2A3833694DD}.DLL ASM Release|Win32.Build.0 = DLL ASM Release|Win32
		{86B923B4-81D4-4006-BDE4-F2A3833694DD}.DLL Debug|Win32.ActiveCfg = DLL Debug|Win32
		{86B923B4-81D4-4006-BDE4-F2A3833694DD}.DLL Debug|Win32.Build.0 = DLL Debug|Win32
		{86B923B4-81D4-4006-BDE4-F2A3833694DD}.DLL Release|Win32.ActiveCfg = DLL Release|Win32
		{86B923B4-81D4-4006-BDE4-F2A3833694DD}.DLL Release|Win32.Build.0 = DLL Release|Win32
		{86B923B4-81D4-4006-BDE4-F2A3833694DD}.LIB ASM Debug|Win32.ActiveCfg = LIB ASM Debug|Win32
		{86B923B4-81D4-4006-BDE4-F2A3833694DD}.LIB ASM Debug|Win32.Build.0 = LIB ASM Debug|Win32
		{86B923B4-81D4-4006-BDE4-F2A3833694DD}.LIB ASM Release|Win32.ActiveCfg = LIB ASM Release|Win32
		{86B923B4-81D4-4006-BDE4-F2A3833694DD}.LIB ASM Release|Win32.Build.0 = LIB ASM Release|Win32
		{86B923B4-81D4-4006-BDE4-F2A3833694DD}.LIB Debug|Win32.ActiveCfg = LIB Debug|Win32
		{86B923B4-81D4-4006-BDE4-F2A3833694DD}.LIB Debug|Win32.Build.0 = LIB Debug|Win32
		{86B923B4-81D4-4006-BDE4-F2A3833694DD}.LIB Release|Win32.ActiveCfg = LIB Release|Win32
		{86B923B4-81D4-4006-BDE4-F2A3833694DD}.LIB Release|Win32.Build.0 = LIB Release|Win32
	EndGlobalSection
	GlobalSection(SolutionProperties) = preSolution
		HideSolutionNode = FALSE
	EndGlobalSection
EndGlobal
