
Microsoft Visual Studio Solution File, Format Version 9.00
# Visual Studio 2005
Project("{8BC9CEB8-8B4A-11D0-8D11-00A0C91BC942}") = "PlatformCenter", "PlatformCenter\PlatformCenter.vcproj", "{68F7779F-EFF2-40BA-B18C-5C74EE87B338}"
EndProject
Global
	GlobalSection(SolutionConfigurationPlatforms) = preSolution
		Debug|Win32 = Debug|Win32
		Release|Win32 = Release|Win32
	EndGlobalSection
	GlobalSection(ProjectConfigurationPlatforms) = postSolution
		{68F7779F-EFF2-40BA-B18C-5C74EE87B338}.Debug|Win32.ActiveCfg = Debug|Win32
		{68F7779F-EFF2-40BA-B18C-5C74EE87B338}.Debug|Win32.Build.0 = Debug|Win32
		{68F7779F-EFF2-40BA-B18C-5C74EE87B338}.Release|Win32.ActiveCfg = Release|Win32
		{68F7779F-EFF2-40BA-B18C-5C74EE87B338}.Release|Win32.Build.0 = Release|Win32
	EndGlobalSection
	GlobalSection(SolutionProperties) = preSolution
		HideSolutionNode = FALSE
	EndGlobalSection
EndGlobal
