
Microsoft Visual Studio Solution File, Format Version 9.00
# Visual Studio 2005
Project("{8BC9CEB8-8B4A-11D0-8D11-00A0C91BC942}") = "QuestEditor", "QuestEditor\QuestEditor.vcproj", "{335D7111-DA72-487A-B639-9F4275656AAB}"
	ProjectSection(WebsiteProperties) = preProject
		Debug.AspNetCompiler.Debug = "True"
		Release.AspNetCompiler.Debug = "False"
	EndProjectSection
EndProject
Global
	GlobalSection(SolutionConfigurationPlatforms) = preSolution
		Debug|Win32 = Debug|Win32
		Release|Win32 = Release|Win32
	EndGlobalSection
	GlobalSection(ProjectConfigurationPlatforms) = postSolution
		{335D7111-DA72-487A-B639-9F4275656AAB}.Debug|Win32.ActiveCfg = Debug|Win32
		{335D7111-DA72-487A-B639-9F4275656AAB}.Debug|Win32.Build.0 = Debug|Win32
		{335D7111-DA72-487A-B639-9F4275656AAB}.Release|Win32.ActiveCfg = Release|Win32
		{335D7111-DA72-487A-B639-9F4275656AAB}.Release|Win32.Build.0 = Release|Win32
	EndGlobalSection
	GlobalSection(SolutionProperties) = preSolution
		HideSolutionNode = FALSE
	EndGlobalSection
EndGlobal
