
Microsoft Visual Studio Solution File, Format Version 9.00
# Visual Studio 2005
Project("{8BC9CEB8-8B4A-11D0-8D11-00A0C91BC942}") = "WorldEditor", "WorldEditor\WorldEditor.vcproj", "{5C10612D-EAE1-4F2F-ACB1-859787EDB6C5}"
	ProjectSection(WebsiteProperties) = preProject
		Debug.AspNetCompiler.Debug = "True"
		Release.AspNetCompiler.Debug = "False"
	EndProjectSection
EndProject
Global
	GlobalSection(SolutionConfigurationPlatforms) = preSolution
		Debug|Win32 = Debug|Win32
		Release|Win32 = Release|Win32
	EndGlobalSection
	GlobalSection(ProjectConfigurationPlatforms) = postSolution
		{5C10612D-EAE1-4F2F-ACB1-859787EDB6C5}.Debug|Win32.ActiveCfg = Debug|Win32
		{5C10612D-EAE1-4F2F-ACB1-859787EDB6C5}.Debug|Win32.Build.0 = Debug|Win32
		{5C10612D-EAE1-4F2F-ACB1-859787EDB6C5}.Release|Win32.ActiveCfg = Release|Win32
		{5C10612D-EAE1-4F2F-ACB1-859787EDB6C5}.Release|Win32.Build.0 = Release|Win32
	EndGlobalSection
	GlobalSection(SolutionProperties) = preSolution
		HideSolutionNode = FALSE
	EndGlobalSection
	GlobalSection(DPCodeReviewSolutionGUID) = preSolution
		DPCodeReviewSolutionGUID = {00000000-0000-0000-0000-000000000000}
	EndGlobalSection
EndGlobal
